// !$*UTF8*$!
{
	archiveVersion = 1;
	classes = {
	};
	objectVersion = 46;
	objects = {

/* Begin PBXBuildFile section */
		6F25D29614221A6B00D938E9 /* UIKit.framework in Frameworks */ = {isa = PBXBuildFile; fileRef = 6F25D29514221A6B00D938E9 /* UIKit.framework */; };
		6F25D29814221A6B00D938E9 /* Foundation.framework in Frameworks */ = {isa = PBXBuildFile; fileRef = 6F25D29714221A6B00D938E9 /* Foundation.framework */; };
		6F25D29A14221A6B00D938E9 /* CoreGraphics.framework in Frameworks */ = {isa = PBXBuildFile; fileRef = 6F25D29914221A6B00D938E9 /* CoreGraphics.framework */; };
		6F25D29C14221A6B00D938E9 /* CoreData.framework in Frameworks */ = {isa = PBXBuildFile; fileRef = 6F25D29B14221A6B00D938E9 /* CoreData.framework */; };
		6F25D2A214221A6B00D938E9 /* InfoPlist.strings in Resources */ = {isa = PBXBuildFile; fileRef = 6F25D2A014221A6B00D938E9 /* InfoPlist.strings */; };
		6F25D2A414221A6B00D938E9 /* main.m in Sources */ = {isa = PBXBuildFile; fileRef = 6F25D2A314221A6B00D938E9 /* main.m */; };
		6F25D2A814221A6B00D938E9 /* AppDelegate.m in Sources */ = {isa = PBXBuildFile; fileRef = 6F25D2A714221A6B00D938E9 /* AppDelegate.m */; };
		6F25D2AB14221A6B00D938E9 /* XrayCalc.xcdatamodeld in Sources */ = {isa = PBXBuildFile; fileRef = 6F25D2A914221A6B00D938E9 /* XrayCalc.xcdatamodeld */; };
/* End PBXBuildFile section */

/* Begin PBXFileReference section */
		6F25D29114221A6B00D938E9 /* XrayCalc.app */ = {isa = PBXFileReference; explicitFileType = wrapper.application; includeInIndex = 0; path = XrayCalc.app; sourceTree = BUILT_PRODUCTS_DIR; };
		6F25D29514221A6B00D938E9 /* UIKit.framework */ = {isa = PBXFileReference; lastKnownFileType = wrapper.framework; name = UIKit.framework; path = System/Library/Frameworks/UIKit.framework; sourceTree = SDKROOT; };
		6F25D29714221A6B00D938E9 /* Foundation.framework */ = {isa = PBXFileReference; lastKnownFileType = wrapper.framework; name = Foundation.framework; path = System/Library/Frameworks/Foundation.framework; sourceTree = SDKROOT; };
		6F25D29914221A6B00D938E9 /* CoreGraphics.framework */ = {isa = PBXFileReference; lastKnownFileType = wrapper.framework; name = CoreGraphics.framework; path = System/Library/Frameworks/CoreGraphics.framework; sourceTree = SDKROOT; };
		6F25D29B14221A6B00D938E9 /* CoreData.framework */ = {isa = PBXFileReference; lastKnownFileType = wrapper.framework; name = CoreData.framework; path = System/Library/Frameworks/CoreData.framework; sourceTree = SDKROOT; };
		6F25D29F14221A6B00D938E9 /* XrayCalc-Info.plist */ = {isa = PBXFileReference; path = "XrayCalc-Info.plist"; sourceTree = "<group>"; };
		6F25D2A114221A6B00D938E9 /* en */ = {isa = PBXFileReference; lastKnownFileType = text.plist.strings; name = en; path = en.lproj/InfoPlist.strings; sourceTree = "<group>"; };
		6F25D2A314221A6B00D938E9 /* main.m */ = {isa = PBXFileReference; lastKnownFileType = sourcecode.c.objc; path = main.m; sourceTree = "<group>"; };
		6F25D2A514221A6B00D938E9 /* XrayCalc-Prefix.pch */ = {isa = PBXFileReference; path = "XrayCalc-Prefix.pch"; sourceTree = "<group>"; };
		6F25D2A614221A6B00D938E9 /* AppDelegate.h */ = {isa = PBXFileReference; path = AppDelegate.h; sourceTree = "<group>"; };
		6F25D2A714221A6B00D938E9 /* AppDelegate.m */ = {isa = PBXFileReference; lastKnownFileType = sourcecode.c.objc; path = AppDelegate.m; sourceTree = "<group>"; };
		6F25D2AA14221A6B00D938E9 /* XrayCalc.xcdatamodel */ = {isa = PBXFileReference; lastKnownFileType = wrapper.xcdatamodel; path = XrayCalc.xcdatamodel; sourceTree = "<group>"; };
/* End PBXFileReference section */

/* Begin PBXFrameworksBuildPhase section */
		6F25D28E14221A6B00D938E9 /* Frameworks */ = {
			isa = PBXFrameworksBuildPhase;
			buildActionMask = 2147483647;
			files = (
				6F25D29614221A6B00D938E9 /* UIKit.framework in Frameworks */,
				6F25D29814221A6B00D938E9 /* Foundation.framework in Frameworks */,
				6F25D29A14221A6B00D938E9 /* CoreGraphics.framework in Frameworks */,
				6F25D29C14221A6B00D938E9 /* CoreData.framework in Frameworks */,
			);
			runOnlyForDeploymentPostprocessing = 0;
		};
/* End PBXFrameworksBuildPhase section */

/* Begin PBXGroup section */
		6F25D28614221A6A00D938E9 = {
			isa = PBXGroup;
			children = (
				6F25D29D14221A6B00D938E9 /* XrayCalc */,
				6F25D29414221A6B00D938E9 /* Frameworks */,
				6F25D29214221A6B00D938E9 /* Products */,
			);
			sourceTree = "<group>";
		};
		6F25D29214221A6B00D938E9 /* Products */ = {
			isa = PBXGroup;
			children = (
				6F25D29114221A6B00D938E9 /* XrayCalc.app */,
			);
			name = Products;
			sourceTree = "<group>";
		};
		6F25D29414221A6B00D938E9 /* Frameworks */ = {
			isa = PBXGroup;
			children = (
				6F25D29514221A6B00D938E9 /* UIKit.framework */,
				6F25D29714221A6B00D938E9 /* Foundation.framework */,
				6F25D29914221A6B00D938E9 /* CoreGraphics.framework */,
				6F25D29B14221A6B00D938E9 /* CoreData.framework */,
			);
			name = Frameworks;
			sourceTree = "<group>";
		};
		6F25D29D14221A6B00D938E9 /* XrayCalc */ = {
			isa = PBXGroup;
			children = (
				6F25D2A614221A6B00D938E9 /* AppDelegate.h */,
				6F25D2A714221A6B00D938E9 /* AppDelegate.m */,
				6F25D2A914221A6B00D938E9 /* XrayCalc.xcdatamodeld */,
				6F25D29E14221A6B00D938E9 /* Supporting Files */,
			);
			path = XrayCalc;
			sourceTree = "<group>";
		};
		6F25D29E14221A6B00D938E9 /* Supporting Files */ = {
			isa = PBXGroup;
			children = (
				6F25D29F14221A6B00D938E9 /* XrayCalc-Info.plist */,
				6F25D2A014221A6B00D938E9 /* InfoPlist.strings */,
				6F25D2A314221A6B00D938E9 /* main.m */,
				6F25D2A514221A6B00D938E9 /* XrayCalc-Prefix.pch */,
			);
			name = "Supporting Files";
			sourceTree = "<group>";
		};
/* End PBXGroup section */

/* Begin PBXNativeTarget section */
		6F25D29014221A6B00D938E9 /* XrayCalc */ = {
			isa = PBXNativeTarget;
			buildConfigurationList = 6F25D2AE14221A6B00D938E9 /* Build configuration list for PBXNativeTarget "XrayCalc" */;
			buildPhases = (
				6F25D28D14221A6B00D938E9 /* Sources */,
				6F25D28E14221A6B00D938E9 /* Frameworks */,
				6F25D28F14221A6B00D938E9 /* Resources */,
			);
			buildRules = (
			);
			dependencies = (
			);
			name = XrayCalc;
			productName = XrayCalc;
			productReference = 6F25D29114221A6B00D938E9 /* XrayCalc.app */;
			productType = "com.apple.product-type.application";
		};
/* End PBXNativeTarget section */

/* Begin PBXProject section */
		6F25D28814221A6A00D938E9 /* Project object */ = {
			isa = PBXProject;
			attributes = {
				LastUpgradeCheck = 0420;
			};
			buildConfigurationList = 6F25D28B14221A6A00D938E9 /* Build configuration list for PBXProject "XrayCalc" */;
			compatibilityVersion = "Xcode 3.2";
			developmentRegion = English;
			hasScannedForEncodings = 0;
			knownRegions = (
				en,
			);
			mainGroup = 6F25D28614221A6A00D938E9;
			productRefGroup = 6F25D29214221A6B00D938E9 /* Products */;
			projectDirPath = "";
			projectRoot = "";
			targets = (
				6F25D29014221A6B00D938E9 /* XrayCalc */,
			);
		};
/* End PBXProject section */

/* Begin PBXResourcesBuildPhase section */
		6F25D28F14221A6B00D938E9 /* Resources */ = {
			isa = PBXResourcesBuildPhase;
			buildActionMask = 2147483647;
			files = (
				6F25D2A214221A6B00D938E9 /* InfoPlist.strings in Resources */,
			);
			runOnlyForDeploymentPostprocessing = 0;
		};
/* End PBXResourcesBuildPhase section */

/* Begin PBXSourcesBuildPhase section */
		6F25D28D14221A6B00D938E9 /* Sources */ = {
			isa = PBXSourcesBuildPhase;
			buildActionMask = 2147483647;
			files = (
				6F25D2A414221A6B00D938E9 /* main.m in Sources */,
				6F25D2A814221A6B00D938E9 /* AppDelegate.m in Sources */,
				6F25D2AB14221A6B00D938E9 /* XrayCalc.xcdatamodeld in Sources */,
			);
			runOnlyForDeploymentPostprocessing = 0;
		};
/* End PBXSourcesBuildPhase section */

/* Begin PBXVariantGroup section */
		6F25D2A014221A6B00D938E9 /* InfoPlist.strings */ = {
			isa = PBXVariantGroup;
			children = (
				6F25D2A114221A6B00D938E9 /* en */,
			);
			name = InfoPlist.strings;
			sourceTree = "<group>";
		};
/* End PBXVariantGroup section */

/* Begin XCBuildConfiguration section */
		6F25D2AC14221A6B00D938E9 /* Debug */ = {
			isa = XCBuildConfiguration;
			buildSettings = {
				ALWAYS_SEARCH_USER_PATHS = NO;
				ARCHS = "$(ARCHS_STANDARD_32_BIT)";
				"CODE_SIGN_IDENTITY[sdk=iphoneos*]" = "iPhone Developer";
				COPY_PHASE_STRIP = NO;
				GCC_C_LANGUAGE_STANDARD = gnu99;
				GCC_DYNAMIC_NO_PIC = NO;
				GCC_OPTIMIZATION_LEVEL = 0;
				GCC_PREPROCESSOR_DEFINITIONS = (
					"DEBUG=1",
					"$(inherited)",
				);
				GCC_SYMBOLS_PRIVATE_EXTERN = NO;
				GCC_VERSION = com.apple.compilers.llvm.clang.1_0;
				GCC_WARN_ABOUT_MISSING_PROTOTYPES = YES;
				GCC_WARN_ABOUT_RETURN_TYPE = YES;
				GCC_WARN_UNUSED_VARIABLE = YES;
				IPHONEOS_DEPLOYMENT_TARGET = 5.0;
				SDKROOT = iphoneos;
			};
			name = Debug;
		};
		6F25D2AD14221A6B00D938E9 /* Release */ = {
			isa = XCBuildConfiguration;
			buildSettings = {
				ALWAYS_SEARCH_USER_PATHS = NO;
				ARCHS = "$(ARCHS_STANDARD_32_BIT)";
				"CODE_SIGN_IDENTITY[sdk=iphoneos*]" = "iPhone Developer";
				COPY_PHASE_STRIP = YES;
				GCC_C_LANGUAGE_STANDARD = gnu99;
				GCC_VERSION = com.apple.compilers.llvm.clang.1_0;
				GCC_WARN_ABOUT_MISSING_PROTOTYPES = YES;
				GCC_WARN_ABOUT_RETURN_TYPE = YES;
				GCC_WARN_UNUSED_VARIABLE = YES;
				IPHONEOS_DEPLOYMENT_TARGET = 5.0;
				OTHER_CFLAGS = "-DNS_BLOCK_ASSERTIONS=1";
				SDKROOT = iphoneos;
				VALIDATE_PRODUCT = YES;
			};
			name = Release;
		};
		6F25D2AF14221A6B00D938E9 /* Debug */ = {
			isa = XCBuildConfiguration;
			buildSettings = {
				GCC_PRECOMPILE_PREFIX_HEADER = YES;
				GCC_PREFIX_HEADER = "XrayCalc/XrayCalc-Prefix.pch";
				INFOPLIST_FILE = "XrayCalc/XrayCalc-Info.plist";
				PRODUCT_NAME = "$(TARGET_NAME)";
				WRAPPER_EXTENSION = app;
			};
			name = Debug;
		};
		6F25D2B014221A6B00D938E9 /* Release */ = {
			isa = XCBuildConfiguration;
			buildSettings = {
				GCC_PRECOMPILE_PREFIX_HEADER = YES;
				GCC_PREFIX_HEADER = "XrayCalc/XrayCalc-Prefix.pch";
				INFOPLIST_FILE = "XrayCalc/XrayCalc-Info.plist";
				PRODUCT_NAME = "$(TARGET_NAME)";
				WRAPPER_EXTENSION = app;
			};
			name = Release;
		};
/* End XCBuildConfiguration section */

/* Begin XCConfigurationList section */
		6F25D28B14221A6A00D938E9 /* Build configuration list for PBXProject "XrayCalc" */ = {
			isa = XCConfigurationList;
			buildConfigurations = (
				6F25D2AC14221A6B00D938E9 /* Debug */,
				6F25D2AD14221A6B00D938E9 /* Release */,
			);
			defaultConfigurationIsVisible = 0;
			defaultConfigurationName = Release;
		};
		6F25D2AE14221A6B00D938E9 /* Build configuration list for PBXNativeTarget "XrayCalc" */ = {
			isa = XCConfigurationList;
			buildConfigurations = (
				6F25D2AF14221A6B00D938E9 /* Debug */,
				6F25D2B014221A6B00D938E9 /* Release */,
			);
			defaultConfigurationIsVisible = 0;
		};
/* End XCConfigurationList section */

/* Begin XCVersionGroup section */
		6F25D2A914221A6B00D938E9 /* XrayCalc.xcdatamodeld */ = {
			isa = XCVersionGroup;
			children = (
				6F25D2AA14221A6B00D938E9 /* XrayCalc.xcdatamodel */,
			);
			currentVersion = 6F25D2AA14221A6B00D938E9 /* XrayCalc.xcdatamodel */;
			path = XrayCalc.xcdatamodeld;
			sourceTree = "<group>";
			versionGroupType = wrapper.xcdatamodel;
		};
/* End XCVersionGroup section */
	};
	rootObject = 6F25D28814221A6A00D938E9 /* Project object */;
}
