// !$*UTF8*$!
{
	archiveVersion = 1;
	classes = {
	};
	objectVersion = 46;
	objects = {

/* Begin PBXBuildFile section */
		6F25D29614221A6B00D938E9 /* UIKit.framework in Frameworks */ = {isa = PBXBuildFile; fileRef = 6F25D29514221A6B00D938E9 /* UIKit.framework */; };
		6F25D29814221A6B00D938E9 /* Foundation.framework in Frameworks */ = {isa = PBXBuildFile; fileRef = 6F25D29714221A6B00D938E9 /* Foundation.framework */; };
		6F25D29A14221A6B00D938E9 /* CoreGraphics.framework in Frameworks */ = {isa = PBXBuildFile; fileRef = 6F25D29914221A6B00D938E9 /* CoreGraphics.framework */; };
		6F25D29C14221A6B00D938E9 /* CoreData.framework in Frameworks */ = {isa = PBXBuildFile; fileRef = 6F25D29B14221A6B00D938E9 /* CoreData.framework */; };
		6F25D2A214221A6B00D938E9 /* InfoPlist.strings in Resources */ = {isa = PBXBuildFile; fileRef = 6F25D2A014221A6B00D938E9 /* InfoPlist.strings */; };
		6F25D2A414221A6B00D938E9 /* main.m in Sources */ = {isa = PBXBuildFile; fileRef = 6F25D2A314221A6B00D938E9 /* main.m */; };
		6F25D2A814221A6B00D938E9 /* AppDelegate.m in Sources */ = {isa = PBXBuildFile; fileRef = 6F25D2A714221A6B00D938E9 /* AppDelegate.m */; };
		6F4E0DD51430794A00FB9307 /* GroupedCellBackground.png in Resources */ = {isa = PBXBuildFile; fileRef = 6F4E0DD41430794A00FB9307 /* GroupedCellBackground.png */; };
		6F4E0DD81430795E00FB9307 /* AboutBubble.png in Resources */ = {isa = PBXBuildFile; fileRef = 6F4E0DD71430795E00FB9307 /* AboutBubble.png */; };
		6F53548814245B230079CB86 /* NavigationBar.png in Resources */ = {isa = PBXBuildFile; fileRef = 6F53548714245B230079CB86 /* NavigationBar.png */; };
		6F53548A142468300079CB86 /* QuartzCore.framework in Frameworks */ = {isa = PBXBuildFile; fileRef = 6F535489142468300079CB86 /* QuartzCore.framework */; };
		6F53548E1424C87E0079CB86 /* UINavigationBlueBar.m in Sources */ = {isa = PBXBuildFile; fileRef = 6F53548D1424C87E0079CB86 /* UINavigationBlueBar.m */; };
		6F5354901424CDB50079CB86 /* UINavigationBlueBar.xib in Resources */ = {isa = PBXBuildFile; fileRef = 6F53548F1424CDB50079CB86 /* UINavigationBlueBar.xib */; };
		6F76EF35142B3A10006138DC /* UIRadialSlider.m in Sources */ = {isa = PBXBuildFile; fileRef = 6F76EF34142B3A10006138DC /* UIRadialSlider.m */; };
		6F76EF3B142B3B2E006138DC /* DialBase.png in Resources */ = {isa = PBXBuildFile; fileRef = 6F76EF39142B3B2E006138DC /* DialBase.png */; };
		6F76EF3C142B3B2E006138DC /* DialThumb.png in Resources */ = {isa = PBXBuildFile; fileRef = 6F76EF3A142B3B2E006138DC /* DialThumb.png */; };
		6F7C058214275D2B007FA7A8 /* BlankButtonSmall.png in Resources */ = {isa = PBXBuildFile; fileRef = 6F7C057A14275D2B007FA7A8 /* BlankButtonSmall.png */; };
		6F7C058314275D2B007FA7A8 /* BlankButtonSmallPressed.png in Resources */ = {isa = PBXBuildFile; fileRef = 6F7C057B14275D2B007FA7A8 /* BlankButtonSmallPressed.png */; };
		6F7C058414275D2B007FA7A8 /* BlankButtonWidePressed.png in Resources */ = {isa = PBXBuildFile; fileRef = 6F7C057C14275D2B007FA7A8 /* BlankButtonWidePressed.png */; };
		6F7C058514275D2B007FA7A8 /* InformationButton.png in Resources */ = {isa = PBXBuildFile; fileRef = 6F7C057D14275D2B007FA7A8 /* InformationButton.png */; };
		6F7C058614275D2B007FA7A8 /* InformationButtonPressed.png in Resources */ = {isa = PBXBuildFile; fileRef = 6F7C057E14275D2B007FA7A8 /* InformationButtonPressed.png */; };
		6F7C058714275D2B007FA7A8 /* NavigationBackPressed.png in Resources */ = {isa = PBXBuildFile; fileRef = 6F7C057F14275D2B007FA7A8 /* NavigationBackPressed.png */; };
		6F7C058814275D2B007FA7A8 /* SettingsButton.png in Resources */ = {isa = PBXBuildFile; fileRef = 6F7C058014275D2B007FA7A8 /* SettingsButton.png */; };
		6F7C058914275D2B007FA7A8 /* SettingsButtonPressed.png in Resources */ = {isa = PBXBuildFile; fileRef = 6F7C058114275D2B007FA7A8 /* SettingsButtonPressed.png */; };
		6F7C059114276A6E007FA7A8 /* InformationViewController.m in Sources */ = {isa = PBXBuildFile; fileRef = 6F7C059014276A6E007FA7A8 /* InformationViewController.m */; };
		6F7C059414276D38007FA7A8 /* MachineListControlView.m in Sources */ = {isa = PBXBuildFile; fileRef = 6F7C059314276D38007FA7A8 /* MachineListControlView.m */; };
		6F7C059614277105007FA7A8 /* OutputBackground.png in Resources */ = {isa = PBXBuildFile; fileRef = 6F7C059514277105007FA7A8 /* OutputBackground.png */; };
		6F7C05A2142825AC007FA7A8 /* XrayCalc.xcdatamodeld in Sources */ = {isa = PBXBuildFile; fileRef = 6F7C05A0142825AC007FA7A8 /* XrayCalc.xcdatamodeld */; };
		6F7C05A4142825F8007FA7A8 /* Default@2x.png in Resources */ = {isa = PBXBuildFile; fileRef = 6F7C05A3142825F8007FA7A8 /* Default@2x.png */; };
		6F7C05A6142825FC007FA7A8 /* Default.png in Resources */ = {isa = PBXBuildFile; fileRef = 6F7C05A5142825FC007FA7A8 /* Default.png */; };
		6F86D902142EEBD0005F09CA /* Delete.png in Resources */ = {isa = PBXBuildFile; fileRef = 6F86D8FF142EEBD0005F09CA /* Delete.png */; };
		6F86D903142EEBD0005F09CA /* DeletePressed.png in Resources */ = {isa = PBXBuildFile; fileRef = 6F86D900142EEBD0005F09CA /* DeletePressed.png */; };
		6F86D904142EEBD0005F09CA /* Toolbar.png in Resources */ = {isa = PBXBuildFile; fileRef = 6F86D901142EEBD0005F09CA /* Toolbar.png */; };
		6F86D90A142EF134005F09CA /* ListCellGradient.png in Resources */ = {isa = PBXBuildFile; fileRef = 6F86D905142EF134005F09CA /* ListCellGradient.png */; };
		6F86D90B142EF134005F09CA /* DisclosureButton.png in Resources */ = {isa = PBXBuildFile; fileRef = 6F86D906142EF134005F09CA /* DisclosureButton.png */; };
		6F86D90C142EF134005F09CA /* ShadowBottom.png in Resources */ = {isa = PBXBuildFile; fileRef = 6F86D907142EF134005F09CA /* ShadowBottom.png */; };
		6F86D90D142EF134005F09CA /* ShadowTop.png in Resources */ = {isa = PBXBuildFile; fileRef = 6F86D908142EF134005F09CA /* ShadowTop.png */; };
		6F86D90E142EF134005F09CA /* Tick.png in Resources */ = {isa = PBXBuildFile; fileRef = 6F86D909142EF134005F09CA /* Tick.png */; };
		6F86D911142EF3B8005F09CA /* UIToolbarXrayCalc.m in Sources */ = {isa = PBXBuildFile; fileRef = 6F86D910142EF3B8005F09CA /* UIToolbarXrayCalc.m */; };
		6F86D914142F252E005F09CA /* MachineDetailControlView.m in Sources */ = {isa = PBXBuildFile; fileRef = 6F86D913142F252E005F09CA /* MachineDetailControlView.m */; };
		6F86D92014306FD4005F09CA /* DensityDetailView.m in Sources */ = {isa = PBXBuildFile; fileRef = 6F86D91F14306FD4005F09CA /* DensityDetailView.m */; };
		6F86D92514306FE0005F09CA /* PlatesDetailView.m in Sources */ = {isa = PBXBuildFile; fileRef = 6F86D92214306FE0005F09CA /* PlatesDetailView.m */; };
		6F86D92614306FE0005F09CA /* PlatesListControlView.m in Sources */ = {isa = PBXBuildFile; fileRef = 6F86D92414306FE0005F09CA /* PlatesListControlView.m */; };
		6F86D92B14306FEF005F09CA /* GridDetailView.m in Sources */ = {isa = PBXBuildFile; fileRef = 6F86D92814306FEF005F09CA /* GridDetailView.m */; };
		6F86D92C14306FEF005F09CA /* GridListControlView.m in Sources */ = {isa = PBXBuildFile; fileRef = 6F86D92A14306FEF005F09CA /* GridListControlView.m */; };
		6F8A3AD4142613800082C846 /* NavigationBack.png in Resources */ = {isa = PBXBuildFile; fileRef = 6F8A3AD2142613800082C846 /* NavigationBack.png */; };
		6F8A3AD5142613800082C846 /* BlankButtonWide.png in Resources */ = {isa = PBXBuildFile; fileRef = 6F8A3AD3142613800082C846 /* BlankButtonWide.png */; };
		6F8F98911423507300D09D53 /* MainViewController.m in Sources */ = {isa = PBXBuildFile; fileRef = 6F8F988F1423507300D09D53 /* MainViewController.m */; };
		6F8F9897142351CE00D09D53 /* UICandySlider.m in Sources */ = {isa = PBXBuildFile; fileRef = 6F8F9896142351CE00D09D53 /* UICandySlider.m */; };
		6F8F98A014235F6A00D09D53 /* CandyPattern.png in Resources */ = {isa = PBXBuildFile; fileRef = 6F8F989914235F6A00D09D53 /* CandyPattern.png */; };
		6F8F98A114235F6A00D09D53 /* CandySliderBalloon.png in Resources */ = {isa = PBXBuildFile; fileRef = 6F8F989A14235F6A00D09D53 /* CandySliderBalloon.png */; };
		6F8F98A214235F6A00D09D53 /* CandySliderGradient.png in Resources */ = {isa = PBXBuildFile; fileRef = 6F8F989B14235F6A00D09D53 /* CandySliderGradient.png */; };
		6F8F98A314235F6A00D09D53 /* CandySliderThumb.png in Resources */ = {isa = PBXBuildFile; fileRef = 6F8F989C14235F6A00D09D53 /* CandySliderThumb.png */; };
		6F8F98A414235F6A00D09D53 /* CandySliderThumbImage.png in Resources */ = {isa = PBXBuildFile; fileRef = 6F8F989D14235F6A00D09D53 /* CandySliderThumbImage.png */; };
		6F8F98A614235F6A00D09D53 /* noise.png in Resources */ = {isa = PBXBuildFile; fileRef = 6F8F989F14235F6A00D09D53 /* noise.png */; };
		6F8F98AF14238F5F00D09D53 /* Core.m in Sources */ = {isa = PBXBuildFile; fileRef = 6F8F98AE14238F5F00D09D53 /* Core.m */; };
		6F8F98B7142392A200D09D53 /* noise_retina.png in Resources */ = {isa = PBXBuildFile; fileRef = 6F8F98B6142392A100D09D53 /* noise_retina.png */; };
		6F8F98C01424576B00D09D53 /* RetinaIcon.png in Resources */ = {isa = PBXBuildFile; fileRef = 6F8F98BF1424576B00D09D53 /* RetinaIcon.png */; };
		6F8F98C21424577100D09D53 /* StandardIcon.png in Resources */ = {isa = PBXBuildFile; fileRef = 6F8F98C11424577100D09D53 /* StandardIcon.png */; };
		6F9AAD061428322A006FC670 /* Plate.m in Sources */ = {isa = PBXBuildFile; fileRef = 6F9AAD051428322A006FC670 /* Plate.m */; };
		6F9AAD0C1428322B006FC670 /* Grid.m in Sources */ = {isa = PBXBuildFile; fileRef = 6F9AAD0B1428322B006FC670 /* Grid.m */; };
		6F9AAD0F1428322B006FC670 /* Setting.m in Sources */ = {isa = PBXBuildFile; fileRef = 6F9AAD0E1428322B006FC670 /* Setting.m */; };
		6F9AAD12142832F8006FC670 /* Machine.m in Sources */ = {isa = PBXBuildFile; fileRef = 6F9AAD11142832F8006FC670 /* Machine.m */; };
		9084BD811481F278005442AE /* ThicknessDetailView.m in Sources */ = {isa = PBXBuildFile; fileRef = 9084BD801481F278005442AE /* ThicknessDetailView.m */; };
		9084BD841481F2B5005442AE /* cellBackgroundReversed.png in Resources */ = {isa = PBXBuildFile; fileRef = 9084BD821481F2B5005442AE /* cellBackgroundReversed.png */; };
		9084BD851481F2B5005442AE /* cellButtonBackground.png in Resources */ = {isa = PBXBuildFile; fileRef = 9084BD831481F2B5005442AE /* cellButtonBackground.png */; };
		909EF797148228AA0087EAD3 /* UIHorizontalPicker.m in Sources */ = {isa = PBXBuildFile; fileRef = 909EF796148228AA0087EAD3 /* UIHorizontalPicker.m */; };
		909EF79A148253C40087EAD3 /* picker.png in Resources */ = {isa = PBXBuildFile; fileRef = 909EF799148253C40087EAD3 /* picker.png */; };
		90A646D4146A958300896FC3 /* libRestKitCoreData.a in Frameworks */ = {isa = PBXBuildFile; fileRef = 90A646CD146A94A400896FC3 /* libRestKitCoreData.a */; };
		90A646D5146A958300896FC3 /* libRestKitJSONParserJSONKit.a in Frameworks */ = {isa = PBXBuildFile; fileRef = 90A646C9146A94A400896FC3 /* libRestKitJSONParserJSONKit.a */; };
		90A646D6146A958300896FC3 /* libRestKitNetwork.a in Frameworks */ = {isa = PBXBuildFile; fileRef = 90A646BD146A94A400896FC3 /* libRestKitNetwork.a */; };
		90A646D7146A958300896FC3 /* libRestKitObjectMapping.a in Frameworks */ = {isa = PBXBuildFile; fileRef = 90A646BF146A94A400896FC3 /* libRestKitObjectMapping.a */; };
		90A646D8146A958300896FC3 /* libRestKitSupport.a in Frameworks */ = {isa = PBXBuildFile; fileRef = 90A646C1146A94A400896FC3 /* libRestKitSupport.a */; };
		90A646D9146A958300896FC3 /* libRestKitXMLParserLibxml.a in Frameworks */ = {isa = PBXBuildFile; fileRef = 90A646CB146A94A400896FC3 /* libRestKitXMLParserLibxml.a */; };
		90A646DB146A95A300896FC3 /* CFNetwork.framework in Frameworks */ = {isa = PBXBuildFile; fileRef = 90A646DA146A95A300896FC3 /* CFNetwork.framework */; };
		90A646DD146A95C000896FC3 /* MobileCoreServices.framework in Frameworks */ = {isa = PBXBuildFile; fileRef = 90A646DC146A95C000896FC3 /* MobileCoreServices.framework */; };
		90A646DF146A960D00896FC3 /* SystemConfiguration.framework in Frameworks */ = {isa = PBXBuildFile; fileRef = 90A646DE146A960D00896FC3 /* SystemConfiguration.framework */; };
		90A646E1146A962700896FC3 /* libxml2.dylib in Frameworks */ = {isa = PBXBuildFile; fileRef = 90A646E0146A962700896FC3 /* libxml2.dylib */; };
		90A646E4146A971D00896FC3 /* CoreNetwork.m in Sources */ = {isa = PBXBuildFile; fileRef = 90A646E3146A971D00896FC3 /* CoreNetwork.m */; };
		90F60E27145765F4003B5992 /* Entitlements.plist in Resources */ = {isa = PBXBuildFile; fileRef = 90F60E26145765F4003B5992 /* Entitlements.plist */; };
		90F7829A1494BEC500BB15E9 /* User.m in Sources */ = {isa = PBXBuildFile; fileRef = 90F782991494BEC400BB15E9 /* User.m */; };
/* End PBXBuildFile section */

/* Begin PBXContainerItemProxy section */
		90A646BC146A94A400896FC3 /* PBXContainerItemProxy */ = {
			isa = PBXContainerItemProxy;
			containerPortal = 90A646A8146A94A400896FC3 /* RestKit.xcodeproj */;
			proxyType = 2;
			remoteGlobalIDString = 253A07FC1255161B00976E89;
			remoteInfo = RestKitNetwork;
		};
		90A646BE146A94A400896FC3 /* PBXContainerItemProxy */ = {
			isa = PBXContainerItemProxy;
			containerPortal = 90A646A8146A94A400896FC3 /* RestKit.xcodeproj */;
			proxyType = 2;
			remoteGlobalIDString = 253A08031255162C00976E89;
			remoteInfo = RestKitObjectMapping;
		};
		90A646C0146A94A400896FC3 /* PBXContainerItemProxy */ = {
			isa = PBXContainerItemProxy;
			containerPortal = 90A646A8146A94A400896FC3 /* RestKit.xcodeproj */;
			proxyType = 2;
			remoteGlobalIDString = 253A080C12551D3000976E89;
			remoteInfo = RestKitSupport;
		};
		90A646C2146A94A400896FC3 /* PBXContainerItemProxy */ = {
			isa = PBXContainerItemProxy;
			containerPortal = 90A646A8146A94A400896FC3 /* RestKit.xcodeproj */;
			proxyType = 2;
			remoteGlobalIDString = 20808DBD13DE8CDC000A156A;
			remoteInfo = "RestKitJSONParser+NXJSON";
		};
		90A646C4146A94A400896FC3 /* PBXContainerItemProxy */ = {
			isa = PBXContainerItemProxy;
			containerPortal = 90A646A8146A94A400896FC3 /* RestKit.xcodeproj */;
			proxyType = 2;
			remoteGlobalIDString = 2590E64F125231F600531FA8;
			remoteInfo = "RestKitJSONParser+YAJL";
		};
		90A646C6146A94A400896FC3 /* PBXContainerItemProxy */ = {
			isa = PBXContainerItemProxy;
			containerPortal = 90A646A8146A94A400896FC3 /* RestKit.xcodeproj */;
			proxyType = 2;
			remoteGlobalIDString = 2590E66B1252353700531FA8;
			remoteInfo = "RestKitJSONParser+SBJSON";
		};
		90A646C8146A94A400896FC3 /* PBXContainerItemProxy */ = {
			isa = PBXContainerItemProxy;
			containerPortal = 90A646A8146A94A400896FC3 /* RestKit.xcodeproj */;
			proxyType = 2;
			remoteGlobalIDString = 73057FD11331AD2E001908EE;
			remoteInfo = "RestKitJSONParser+JSONKit";
		};
		90A646CA146A94A400896FC3 /* PBXContainerItemProxy */ = {
			isa = PBXContainerItemProxy;
			containerPortal = 90A646A8146A94A400896FC3 /* RestKit.xcodeproj */;
			proxyType = 2;
			remoteGlobalIDString = 25BD43BD1340315800DBACDD;
			remoteInfo = "RestKitXMLParser+Libxml";
		};
		90A646CC146A94A400896FC3 /* PBXContainerItemProxy */ = {
			isa = PBXContainerItemProxy;
			containerPortal = 90A646A8146A94A400896FC3 /* RestKit.xcodeproj */;
			proxyType = 2;
			remoteGlobalIDString = 253A081412551D5300976E89;
			remoteInfo = RestKitCoreData;
		};
		90A646CE146A94A400896FC3 /* PBXContainerItemProxy */ = {
			isa = PBXContainerItemProxy;
			containerPortal = 90A646A8146A94A400896FC3 /* RestKit.xcodeproj */;
			proxyType = 2;
			remoteGlobalIDString = 2523360511E79F090048F9B4;
			remoteInfo = RestKitThree20;
		};
		90A646D0146A94A400896FC3 /* PBXContainerItemProxy */ = {
			isa = PBXContainerItemProxy;
			containerPortal = 90A646A8146A94A400896FC3 /* RestKit.xcodeproj */;
			proxyType = 2;
			remoteGlobalIDString = 3F6C39A510FE5C95008F47C5;
			remoteInfo = "RestKit Specs";
		};
		90A646D2146A94E000896FC3 /* PBXContainerItemProxy */ = {
			isa = PBXContainerItemProxy;
			containerPortal = 90A646A8146A94A400896FC3 /* RestKit.xcodeproj */;
			proxyType = 1;
			remoteGlobalIDString = 255B7588133BABBF00ED76AD;
			remoteInfo = RestKit;
		};
/* End PBXContainerItemProxy section */

/* Begin PBXFileReference section */
		6F25D29114221A6B00D938E9 /* XrayCalc.app */ = {isa = PBXFileReference; explicitFileType = wrapper.application; includeInIndex = 0; path = XrayCalc.app; sourceTree = BUILT_PRODUCTS_DIR; };
		6F25D29514221A6B00D938E9 /* UIKit.framework */ = {isa = PBXFileReference; lastKnownFileType = wrapper.framework; name = UIKit.framework; path = System/Library/Frameworks/UIKit.framework; sourceTree = SDKROOT; };
		6F25D29714221A6B00D938E9 /* Foundation.framework */ = {isa = PBXFileReference; lastKnownFileType = wrapper.framework; name = Foundation.framework; path = System/Library/Frameworks/Foundation.framework; sourceTree = SDKROOT; };
		6F25D29914221A6B00D938E9 /* CoreGraphics.framework */ = {isa = PBXFileReference; lastKnownFileType = wrapper.framework; name = CoreGraphics.framework; path = System/Library/Frameworks/CoreGraphics.framework; sourceTree = SDKROOT; };
		6F25D29B14221A6B00D938E9 /* CoreData.framework */ = {isa = PBXFileReference; lastKnownFileType = wrapper.framework; name = CoreData.framework; path = System/Library/Frameworks/CoreData.framework; sourceTree = SDKROOT; };
		6F25D29F14221A6B00D938E9 /* XrayCalc-Info.plist */ = {isa = PBXFileReference; lastKnownFileType = text.plist.xml; path = "XrayCalc-Info.plist"; sourceTree = "<group>"; };
		6F25D2A114221A6B00D938E9 /* en */ = {isa = PBXFileReference; lastKnownFileType = text.plist.strings; name = en; path = en.lproj/InfoPlist.strings; sourceTree = "<group>"; };
		6F25D2A314221A6B00D938E9 /* main.m */ = {isa = PBXFileReference; lastKnownFileType = sourcecode.c.objc; path = main.m; sourceTree = "<group>"; };
		6F25D2A514221A6B00D938E9 /* XrayCalc-Prefix.pch */ = {isa = PBXFileReference; lastKnownFileType = sourcecode.c.h; path = "XrayCalc-Prefix.pch"; sourceTree = "<group>"; };
		6F25D2A614221A6B00D938E9 /* AppDelegate.h */ = {isa = PBXFileReference; lastKnownFileType = sourcecode.c.h; path = AppDelegate.h; sourceTree = "<group>"; };
		6F25D2A714221A6B00D938E9 /* AppDelegate.m */ = {isa = PBXFileReference; lastKnownFileType = sourcecode.c.objc; path = AppDelegate.m; sourceTree = "<group>"; };
		6F4E0DD41430794A00FB9307 /* GroupedCellBackground.png */ = {isa = PBXFileReference; lastKnownFileType = image.png; name = GroupedCellBackground.png; path = UITableView/GroupedCellBackground.png; sourceTree = "<group>"; };
		6F4E0DD71430795E00FB9307 /* AboutBubble.png */ = {isa = PBXFileReference; lastKnownFileType = image.png; path = AboutBubble.png; sourceTree = "<group>"; };
		6F53548714245B230079CB86 /* NavigationBar.png */ = {isa = PBXFileReference; lastKnownFileType = image.png; path = NavigationBar.png; sourceTree = "<group>"; };
		6F535489142468300079CB86 /* QuartzCore.framework */ = {isa = PBXFileReference; lastKnownFileType = wrapper.framework; name = QuartzCore.framework; path = System/Library/Frameworks/QuartzCore.framework; sourceTree = SDKROOT; };
		6F53548D1424C87E0079CB86 /* UINavigationBlueBar.m */ = {isa = PBXFileReference; fileEncoding = 4; lastKnownFileType = sourcecode.c.objc; path = UINavigationBlueBar.m; sourceTree = "<group>"; };
		6F53548F1424CDB50079CB86 /* UINavigationBlueBar.xib */ = {isa = PBXFileReference; fileEncoding = 4; lastKnownFileType = file.xib; path = UINavigationBlueBar.xib; sourceTree = "<group>"; };
		6F76EF33142B3A10006138DC /* UIRadialSlider.h */ = {isa = PBXFileReference; fileEncoding = 4; lastKnownFileType = sourcecode.c.h; path = UIRadialSlider.h; sourceTree = "<group>"; };
		6F76EF34142B3A10006138DC /* UIRadialSlider.m */ = {isa = PBXFileReference; fileEncoding = 4; lastKnownFileType = sourcecode.c.objc; path = UIRadialSlider.m; sourceTree = "<group>"; };
		6F76EF39142B3B2E006138DC /* DialBase.png */ = {isa = PBXFileReference; lastKnownFileType = image.png; name = DialBase.png; path = UIDialControl/DialBase.png; sourceTree = "<group>"; };
		6F76EF3A142B3B2E006138DC /* DialThumb.png */ = {isa = PBXFileReference; lastKnownFileType = image.png; name = DialThumb.png; path = UIDialControl/DialThumb.png; sourceTree = "<group>"; };
		6F7C057A14275D2B007FA7A8 /* BlankButtonSmall.png */ = {isa = PBXFileReference; lastKnownFileType = image.png; path = BlankButtonSmall.png; sourceTree = "<group>"; };
		6F7C057B14275D2B007FA7A8 /* BlankButtonSmallPressed.png */ = {isa = PBXFileReference; lastKnownFileType = image.png; path = BlankButtonSmallPressed.png; sourceTree = "<group>"; };
		6F7C057C14275D2B007FA7A8 /* BlankButtonWidePressed.png */ = {isa = PBXFileReference; lastKnownFileType = image.png; path = BlankButtonWidePressed.png; sourceTree = "<group>"; };
		6F7C057D14275D2B007FA7A8 /* InformationButton.png */ = {isa = PBXFileReference; lastKnownFileType = image.png; path = InformationButton.png; sourceTree = "<group>"; };
		6F7C057E14275D2B007FA7A8 /* InformationButtonPressed.png */ = {isa = PBXFileReference; lastKnownFileType = image.png; path = InformationButtonPressed.png; sourceTree = "<group>"; };
		6F7C057F14275D2B007FA7A8 /* NavigationBackPressed.png */ = {isa = PBXFileReference; lastKnownFileType = image.png; path = NavigationBackPressed.png; sourceTree = "<group>"; };
		6F7C058014275D2B007FA7A8 /* SettingsButton.png */ = {isa = PBXFileReference; lastKnownFileType = image.png; path = SettingsButton.png; sourceTree = "<group>"; };
		6F7C058114275D2B007FA7A8 /* SettingsButtonPressed.png */ = {isa = PBXFileReference; lastKnownFileType = image.png; path = SettingsButtonPressed.png; sourceTree = "<group>"; };
		6F7C058F14276A6E007FA7A8 /* InformationViewController.h */ = {isa = PBXFileReference; fileEncoding = 4; lastKnownFileType = sourcecode.c.h; path = InformationViewController.h; sourceTree = "<group>"; };
		6F7C059014276A6E007FA7A8 /* InformationViewController.m */ = {isa = PBXFileReference; fileEncoding = 4; lastKnownFileType = sourcecode.c.objc; path = InformationViewController.m; sourceTree = "<group>"; };
		6F7C059214276D38007FA7A8 /* MachineListControlView.h */ = {isa = PBXFileReference; fileEncoding = 4; lastKnownFileType = sourcecode.c.h; path = MachineListControlView.h; sourceTree = "<group>"; };
		6F7C059314276D38007FA7A8 /* MachineListControlView.m */ = {isa = PBXFileReference; fileEncoding = 4; lastKnownFileType = sourcecode.c.objc; path = MachineListControlView.m; sourceTree = "<group>"; };
		6F7C059514277105007FA7A8 /* OutputBackground.png */ = {isa = PBXFileReference; lastKnownFileType = image.png; path = OutputBackground.png; sourceTree = "<group>"; };
		6F7C05A1142825AC007FA7A8 /* XrayCalc.xcdatamodel */ = {isa = PBXFileReference; lastKnownFileType = wrapper.xcdatamodel; path = XrayCalc.xcdatamodel; sourceTree = "<group>"; };
		6F7C05A3142825F8007FA7A8 /* Default@2x.png */ = {isa = PBXFileReference; lastKnownFileType = image.png; name = "Default@2x.png"; path = "../../Default@2x.png"; sourceTree = "<group>"; };
		6F7C05A5142825FC007FA7A8 /* Default.png */ = {isa = PBXFileReference; lastKnownFileType = image.png; name = Default.png; path = ../../Default.png; sourceTree = "<group>"; };
		6F86D8FF142EEBD0005F09CA /* Delete.png */ = {isa = PBXFileReference; lastKnownFileType = image.png; name = Delete.png; path = UIToolbar/Delete.png; sourceTree = "<group>"; };
		6F86D900142EEBD0005F09CA /* DeletePressed.png */ = {isa = PBXFileReference; lastKnownFileType = image.png; name = DeletePressed.png; path = UIToolbar/DeletePressed.png; sourceTree = "<group>"; };
		6F86D901142EEBD0005F09CA /* Toolbar.png */ = {isa = PBXFileReference; lastKnownFileType = image.png; name = Toolbar.png; path = UIToolbar/Toolbar.png; sourceTree = "<group>"; };
		6F86D905142EF134005F09CA /* ListCellGradient.png */ = {isa = PBXFileReference; lastKnownFileType = image.png; name = ListCellGradient.png; path = UITableView/ListCellGradient.png; sourceTree = "<group>"; };
		6F86D906142EF134005F09CA /* DisclosureButton.png */ = {isa = PBXFileReference; lastKnownFileType = image.png; name = DisclosureButton.png; path = UITableView/DisclosureButton.png; sourceTree = "<group>"; };
		6F86D907142EF134005F09CA /* ShadowBottom.png */ = {isa = PBXFileReference; lastKnownFileType = image.png; name = ShadowBottom.png; path = UITableView/ShadowBottom.png; sourceTree = "<group>"; };
		6F86D908142EF134005F09CA /* ShadowTop.png */ = {isa = PBXFileReference; lastKnownFileType = image.png; name = ShadowTop.png; path = UITableView/ShadowTop.png; sourceTree = "<group>"; };
		6F86D909142EF134005F09CA /* Tick.png */ = {isa = PBXFileReference; lastKnownFileType = image.png; name = Tick.png; path = UITableView/Tick.png; sourceTree = "<group>"; };
		6F86D910142EF3B8005F09CA /* UIToolbarXrayCalc.m */ = {isa = PBXFileReference; fileEncoding = 4; lastKnownFileType = sourcecode.c.objc; path = UIToolbarXrayCalc.m; sourceTree = "<group>"; };
		6F86D912142F252E005F09CA /* MachineDetailControlView.h */ = {isa = PBXFileReference; fileEncoding = 4; lastKnownFileType = sourcecode.c.h; path = MachineDetailControlView.h; sourceTree = "<group>"; };
		6F86D913142F252E005F09CA /* MachineDetailControlView.m */ = {isa = PBXFileReference; fileEncoding = 4; lastKnownFileType = sourcecode.c.objc; path = MachineDetailControlView.m; sourceTree = "<group>"; };
		6F86D91E14306FD4005F09CA /* DensityDetailView.h */ = {isa = PBXFileReference; fileEncoding = 4; lastKnownFileType = sourcecode.c.h; path = DensityDetailView.h; sourceTree = "<group>"; };
		6F86D91F14306FD4005F09CA /* DensityDetailView.m */ = {isa = PBXFileReference; fileEncoding = 4; lastKnownFileType = sourcecode.c.objc; path = DensityDetailView.m; sourceTree = "<group>"; };
		6F86D92114306FE0005F09CA /* PlatesDetailView.h */ = {isa = PBXFileReference; fileEncoding = 4; lastKnownFileType = sourcecode.c.h; path = PlatesDetailView.h; sourceTree = "<group>"; };
		6F86D92214306FE0005F09CA /* PlatesDetailView.m */ = {isa = PBXFileReference; fileEncoding = 4; lastKnownFileType = sourcecode.c.objc; path = PlatesDetailView.m; sourceTree = "<group>"; };
		6F86D92314306FE0005F09CA /* PlatesListControlView.h */ = {isa = PBXFileReference; fileEncoding = 4; lastKnownFileType = sourcecode.c.h; path = PlatesListControlView.h; sourceTree = "<group>"; };
		6F86D92414306FE0005F09CA /* PlatesListControlView.m */ = {isa = PBXFileReference; fileEncoding = 4; lastKnownFileType = sourcecode.c.objc; path = PlatesListControlView.m; sourceTree = "<group>"; };
		6F86D92714306FEF005F09CA /* GridDetailView.h */ = {isa = PBXFileReference; fileEncoding = 4; lastKnownFileType = sourcecode.c.h; path = GridDetailView.h; sourceTree = "<group>"; };
		6F86D92814306FEF005F09CA /* GridDetailView.m */ = {isa = PBXFileReference; fileEncoding = 4; lastKnownFileType = sourcecode.c.objc; path = GridDetailView.m; sourceTree = "<group>"; };
		6F86D92914306FEF005F09CA /* GridListControlView.h */ = {isa = PBXFileReference; fileEncoding = 4; lastKnownFileType = sourcecode.c.h; path = GridListControlView.h; sourceTree = "<group>"; };
		6F86D92A14306FEF005F09CA /* GridListControlView.m */ = {isa = PBXFileReference; fileEncoding = 4; lastKnownFileType = sourcecode.c.objc; path = GridListControlView.m; sourceTree = "<group>"; };
		6F8A3AD2142613800082C846 /* NavigationBack.png */ = {isa = PBXFileReference; lastKnownFileType = image.png; path = NavigationBack.png; sourceTree = "<group>"; };
		6F8A3AD3142613800082C846 /* BlankButtonWide.png */ = {isa = PBXFileReference; lastKnownFileType = image.png; path = BlankButtonWide.png; sourceTree = "<group>"; };
		6F8F988E1423507300D09D53 /* MainViewController.h */ = {isa = PBXFileReference; fileEncoding = 4; lastKnownFileType = sourcecode.c.h; path = MainViewController.h; sourceTree = "<group>"; };
		6F8F988F1423507300D09D53 /* MainViewController.m */ = {isa = PBXFileReference; fileEncoding = 4; lastKnownFileType = sourcecode.c.objc; path = MainViewController.m; sourceTree = "<group>"; };
		6F8F9895142351CE00D09D53 /* UICandySlider.h */ = {isa = PBXFileReference; fileEncoding = 4; lastKnownFileType = sourcecode.c.h; path = UICandySlider.h; sourceTree = "<group>"; };
		6F8F9896142351CE00D09D53 /* UICandySlider.m */ = {isa = PBXFileReference; fileEncoding = 4; lastKnownFileType = sourcecode.c.objc; path = UICandySlider.m; sourceTree = "<group>"; };
		6F8F989914235F6A00D09D53 /* CandyPattern.png */ = {isa = PBXFileReference; lastKnownFileType = image.png; path = CandyPattern.png; sourceTree = "<group>"; };
		6F8F989A14235F6A00D09D53 /* CandySliderBalloon.png */ = {isa = PBXFileReference; lastKnownFileType = image.png; path = CandySliderBalloon.png; sourceTree = "<group>"; };
		6F8F989B14235F6A00D09D53 /* CandySliderGradient.png */ = {isa = PBXFileReference; lastKnownFileType = image.png; path = CandySliderGradient.png; sourceTree = "<group>"; };
		6F8F989C14235F6A00D09D53 /* CandySliderThumb.png */ = {isa = PBXFileReference; lastKnownFileType = image.png; path = CandySliderThumb.png; sourceTree = "<group>"; };
		6F8F989D14235F6A00D09D53 /* CandySliderThumbImage.png */ = {isa = PBXFileReference; lastKnownFileType = image.png; path = CandySliderThumbImage.png; sourceTree = "<group>"; };
		6F8F989F14235F6A00D09D53 /* noise.png */ = {isa = PBXFileReference; lastKnownFileType = image.png; path = noise.png; sourceTree = "<group>"; };
		6F8F98AD14238F5F00D09D53 /* Core.h */ = {isa = PBXFileReference; fileEncoding = 4; lastKnownFileType = sourcecode.c.h; path = Core.h; sourceTree = "<group>"; };
		6F8F98AE14238F5F00D09D53 /* Core.m */ = {isa = PBXFileReference; fileEncoding = 4; lastKnownFileType = sourcecode.c.objc; path = Core.m; sourceTree = "<group>"; };
		6F8F98B51423923800D09D53 /* Constants.h */ = {isa = PBXFileReference; fileEncoding = 4; lastKnownFileType = sourcecode.c.h; path = Constants.h; sourceTree = "<group>"; };
		6F8F98B6142392A100D09D53 /* noise_retina.png */ = {isa = PBXFileReference; lastKnownFileType = image.png; path = noise_retina.png; sourceTree = "<group>"; };
		6F8F98BF1424576B00D09D53 /* RetinaIcon.png */ = {isa = PBXFileReference; lastKnownFileType = image.png; name = RetinaIcon.png; path = ../../RetinaIcon.png; sourceTree = "<group>"; };
		6F8F98C11424577100D09D53 /* StandardIcon.png */ = {isa = PBXFileReference; lastKnownFileType = image.png; name = StandardIcon.png; path = ../../StandardIcon.png; sourceTree = "<group>"; };
		6F9AAD041428322A006FC670 /* Plate.h */ = {isa = PBXFileReference; fileEncoding = 4; lastKnownFileType = sourcecode.c.h; path = Plate.h; sourceTree = "<group>"; };
		6F9AAD051428322A006FC670 /* Plate.m */ = {isa = PBXFileReference; fileEncoding = 4; lastKnownFileType = sourcecode.c.objc; path = Plate.m; sourceTree = "<group>"; };
		6F9AAD0A1428322B006FC670 /* Grid.h */ = {isa = PBXFileReference; fileEncoding = 4; lastKnownFileType = sourcecode.c.h; path = Grid.h; sourceTree = "<group>"; };
		6F9AAD0B1428322B006FC670 /* Grid.m */ = {isa = PBXFileReference; fileEncoding = 4; lastKnownFileType = sourcecode.c.objc; path = Grid.m; sourceTree = "<group>"; };
		6F9AAD0D1428322B006FC670 /* Setting.h */ = {isa = PBXFileReference; fileEncoding = 4; lastKnownFileType = sourcecode.c.h; path = Setting.h; sourceTree = "<group>"; };
		6F9AAD0E1428322B006FC670 /* Setting.m */ = {isa = PBXFileReference; fileEncoding = 4; lastKnownFileType = sourcecode.c.objc; path = Setting.m; sourceTree = "<group>"; };
		6F9AAD10142832F8006FC670 /* Machine.h */ = {isa = PBXFileReference; fileEncoding = 4; lastKnownFileType = sourcecode.c.h; path = Machine.h; sourceTree = "<group>"; };
		6F9AAD11142832F8006FC670 /* Machine.m */ = {isa = PBXFileReference; fileEncoding = 4; lastKnownFileType = sourcecode.c.objc; path = Machine.m; sourceTree = "<group>"; };
		6F9AAD2214284DEB006FC670 /* Entities.h */ = {isa = PBXFileReference; fileEncoding = 4; lastKnownFileType = sourcecode.c.h; path = Entities.h; sourceTree = "<group>"; };
		9084BD7F1481F278005442AE /* ThicknessDetailView.h */ = {isa = PBXFileReference; fileEncoding = 4; lastKnownFileType = sourcecode.c.h; path = ThicknessDetailView.h; sourceTree = "<group>"; };
		9084BD801481F278005442AE /* ThicknessDetailView.m */ = {isa = PBXFileReference; fileEncoding = 4; lastKnownFileType = sourcecode.c.objc; path = ThicknessDetailView.m; sourceTree = "<group>"; };
		9084BD821481F2B5005442AE /* cellBackgroundReversed.png */ = {isa = PBXFileReference; lastKnownFileType = image.png; name = cellBackgroundReversed.png; path = UITableView/cellBackgroundReversed.png; sourceTree = "<group>"; };
		9084BD831481F2B5005442AE /* cellButtonBackground.png */ = {isa = PBXFileReference; lastKnownFileType = image.png; name = cellButtonBackground.png; path = UITableView/cellButtonBackground.png; sourceTree = "<group>"; };
		909EF795148228AA0087EAD3 /* UIHorizontalPicker.h */ = {isa = PBXFileReference; fileEncoding = 4; lastKnownFileType = sourcecode.c.h; path = UIHorizontalPicker.h; sourceTree = "<group>"; };
		909EF796148228AA0087EAD3 /* UIHorizontalPicker.m */ = {isa = PBXFileReference; fileEncoding = 4; lastKnownFileType = sourcecode.c.objc; path = UIHorizontalPicker.m; sourceTree = "<group>"; };
		909EF799148253C40087EAD3 /* picker.png */ = {isa = PBXFileReference; lastKnownFileType = image.png; name = picker.png; path = UIHorizontalPicker/picker.png; sourceTree = "<group>"; };
		90A646A8146A94A400896FC3 /* RestKit.xcodeproj */ = {isa = PBXFileReference; lastKnownFileType = "wrapper.pb-project"; name = RestKit.xcodeproj; path = RestKit/RestKit.xcodeproj; sourceTree = "<group>"; };
		90A646DA146A95A300896FC3 /* CFNetwork.framework */ = {isa = PBXFileReference; lastKnownFileType = wrapper.framework; name = CFNetwork.framework; path = System/Library/Frameworks/CFNetwork.framework; sourceTree = SDKROOT; };
		90A646DC146A95C000896FC3 /* MobileCoreServices.framework */ = {isa = PBXFileReference; lastKnownFileType = wrapper.framework; name = MobileCoreServices.framework; path = System/Library/Frameworks/MobileCoreServices.framework; sourceTree = SDKROOT; };
		90A646DE146A960D00896FC3 /* SystemConfiguration.framework */ = {isa = PBXFileReference; lastKnownFileType = wrapper.framework; name = SystemConfiguration.framework; path = System/Library/Frameworks/SystemConfiguration.framework; sourceTree = SDKROOT; };
		90A646E0146A962700896FC3 /* libxml2.dylib */ = {isa = PBXFileReference; lastKnownFileType = "compiled.mach-o.dylib"; name = libxml2.dylib; path = usr/lib/libxml2.dylib; sourceTree = SDKROOT; };
		90A646E2146A971D00896FC3 /* CoreNetwork.h */ = {isa = PBXFileReference; fileEncoding = 4; lastKnownFileType = sourcecode.c.h; path = CoreNetwork.h; sourceTree = "<group>"; };
		90A646E3146A971D00896FC3 /* CoreNetwork.m */ = {isa = PBXFileReference; fileEncoding = 4; lastKnownFileType = sourcecode.c.objc; path = CoreNetwork.m; sourceTree = "<group>"; };
		90F60E26145765F4003B5992 /* Entitlements.plist */ = {isa = PBXFileReference; fileEncoding = 4; lastKnownFileType = text.plist.xml; path = Entitlements.plist; sourceTree = "<group>"; };
		90F782981494BEC400BB15E9 /* User.h */ = {isa = PBXFileReference; fileEncoding = 4; lastKnownFileType = sourcecode.c.h; path = User.h; sourceTree = "<group>"; };
		90F782991494BEC400BB15E9 /* User.m */ = {isa = PBXFileReference; fileEncoding = 4; lastKnownFileType = sourcecode.c.objc; path = User.m; sourceTree = "<group>"; };
/* End PBXFileReference section */

/* Begin PBXFrameworksBuildPhase section */
		6F25D28E14221A6B00D938E9 /* Frameworks */ = {
			isa = PBXFrameworksBuildPhase;
			buildActionMask = 2147483647;
			files = (
				90A646E1146A962700896FC3 /* libxml2.dylib in Frameworks */,
				90A646DF146A960D00896FC3 /* SystemConfiguration.framework in Frameworks */,
				90A646DD146A95C000896FC3 /* MobileCoreServices.framework in Frameworks */,
				90A646DB146A95A300896FC3 /* CFNetwork.framework in Frameworks */,
				90A646D4146A958300896FC3 /* libRestKitCoreData.a in Frameworks */,
				90A646D5146A958300896FC3 /* libRestKitJSONParserJSONKit.a in Frameworks */,
				90A646D6146A958300896FC3 /* libRestKitNetwork.a in Frameworks */,
				90A646D7146A958300896FC3 /* libRestKitObjectMapping.a in Frameworks */,
				90A646D8146A958300896FC3 /* libRestKitSupport.a in Frameworks */,
				90A646D9146A958300896FC3 /* libRestKitXMLParserLibxml.a in Frameworks */,
				6F53548A142468300079CB86 /* QuartzCore.framework in Frameworks */,
				6F25D29614221A6B00D938E9 /* UIKit.framework in Frameworks */,
				6F25D29814221A6B00D938E9 /* Foundation.framework in Frameworks */,
				6F25D29A14221A6B00D938E9 /* CoreGraphics.framework in Frameworks */,
				6F25D29C14221A6B00D938E9 /* CoreData.framework in Frameworks */,
			);
			runOnlyForDeploymentPostprocessing = 0;
		};
/* End PBXFrameworksBuildPhase section */

/* Begin PBXGroup section */
		6F25D28614221A6A00D938E9 = {
			isa = PBXGroup;
			children = (
				90A646A8146A94A400896FC3 /* RestKit.xcodeproj */,
				6F25D29D14221A6B00D938E9 /* Classes */,
				6F25D2B114221B9100D938E9 /* Resources */,
				6F25D29E14221A6B00D938E9 /* Supporting Files */,
				6F25D29414221A6B00D938E9 /* Frameworks */,
				6F25D29214221A6B00D938E9 /* Products */,
			);
			sourceTree = "<group>";
		};
		6F25D29214221A6B00D938E9 /* Products */ = {
			isa = PBXGroup;
			children = (
				6F25D29114221A6B00D938E9 /* XrayCalc.app */,
			);
			name = Products;
			sourceTree = "<group>";
		};
		6F25D29414221A6B00D938E9 /* Frameworks */ = {
			isa = PBXGroup;
			children = (
				6F25D29514221A6B00D938E9 /* UIKit.framework */,
				6F25D29714221A6B00D938E9 /* Foundation.framework */,
				6F25D29914221A6B00D938E9 /* CoreGraphics.framework */,
				6F25D29B14221A6B00D938E9 /* CoreData.framework */,
				6F535489142468300079CB86 /* QuartzCore.framework */,
				90A646DA146A95A300896FC3 /* CFNetwork.framework */,
				90A646DE146A960D00896FC3 /* SystemConfiguration.framework */,
				90A646DC146A95C000896FC3 /* MobileCoreServices.framework */,
				90A646E0146A962700896FC3 /* libxml2.dylib */,
			);
			name = Frameworks;
			sourceTree = "<group>";
		};
		6F25D29D14221A6B00D938E9 /* Classes */ = {
			isa = PBXGroup;
			children = (
				6F8F98AC14238F2000D09D53 /* Utilities */,
				6F25D2B914221CFD00D938E9 /* Controllers */,
				6F25D2B714221CE400D938E9 /* Models */,
			);
			name = Classes;
			path = XrayCalc/Classes;
			sourceTree = "<group>";
		};
		6F25D29E14221A6B00D938E9 /* Supporting Files */ = {
			isa = PBXGroup;
			children = (
				6F25D2A314221A6B00D938E9 /* main.m */,
				6F25D2A514221A6B00D938E9 /* XrayCalc-Prefix.pch */,
			);
			name = "Supporting Files";
			path = XrayCalc;
			sourceTree = "<group>";
		};
		6F25D2B114221B9100D938E9 /* Resources */ = {
			isa = PBXGroup;
			children = (
				6F8F989814235F5000D09D53 /* Artwork */,
				6F25D2A614221A6B00D938E9 /* AppDelegate.h */,
				6F25D2A714221A6B00D938E9 /* AppDelegate.m */,
				6F25D29F14221A6B00D938E9 /* XrayCalc-Info.plist */,
				90F60E26145765F4003B5992 /* Entitlements.plist */,
				6F25D2A014221A6B00D938E9 /* InfoPlist.strings */,
			);
			name = Resources;
			path = XrayCalc;
			sourceTree = "<group>";
		};
		6F25D2B714221CE400D938E9 /* Models */ = {
			isa = PBXGroup;
			children = (
				6F25D2B814221CF000D938E9 /* Entities */,
				6F7C05A0142825AC007FA7A8 /* XrayCalc.xcdatamodeld */,
			);
			name = Models;
			sourceTree = "<group>";
		};
		6F25D2B814221CF000D938E9 /* Entities */ = {
			isa = PBXGroup;
			children = (
				90F782981494BEC400BB15E9 /* User.h */,
				90F782991494BEC400BB15E9 /* User.m */,
				6F9AAD10142832F8006FC670 /* Machine.h */,
				6F9AAD11142832F8006FC670 /* Machine.m */,
				6F9AAD0D1428322B006FC670 /* Setting.h */,
				6F9AAD0E1428322B006FC670 /* Setting.m */,
				6F9AAD0A1428322B006FC670 /* Grid.h */,
				6F9AAD0B1428322B006FC670 /* Grid.m */,
				6F9AAD041428322A006FC670 /* Plate.h */,
				6F9AAD051428322A006FC670 /* Plate.m */,
			);
			name = Entities;
			sourceTree = "<group>";
		};
		6F25D2B914221CFD00D938E9 /* Controllers */ = {
			isa = PBXGroup;
			children = (
				6F8F9893142350A600D09D53 /* Custom Elements */,
				6F8F988D14234DD700D09D53 /* Information */,
				6F8F988C14234DD100D09D53 /* Settings */,
				6F8F988B14234DC800D09D53 /* Main */,
			);
			name = Controllers;
			sourceTree = "<group>";
		};
		6F53548B1424C8220079CB86 /* Navigation */ = {
			isa = PBXGroup;
			children = (
				6F86D910142EF3B8005F09CA /* UIToolbarXrayCalc.m */,
				6F53548D1424C87E0079CB86 /* UINavigationBlueBar.m */,
				6F53548F1424CDB50079CB86 /* UINavigationBlueBar.xib */,
			);
			name = Navigation;
			sourceTree = "<group>";
		};
		6F76EF37142B3A1D006138DC /* UIRadialSlider */ = {
			isa = PBXGroup;
			children = (
				6F76EF33142B3A10006138DC /* UIRadialSlider.h */,
				6F76EF34142B3A10006138DC /* UIRadialSlider.m */,
			);
			name = UIRadialSlider;
			sourceTree = "<group>";
		};
		6F76EF38142B3B0C006138DC /* UIRadialSlider */ = {
			isa = PBXGroup;
			children = (
				6F76EF39142B3B2E006138DC /* DialBase.png */,
				6F76EF3A142B3B2E006138DC /* DialThumb.png */,
			);
			name = UIRadialSlider;
			sourceTree = "<group>";
		};
		6F86D8FC142EEB9F005F09CA /* UIToolbar */ = {
			isa = PBXGroup;
			children = (
				6F86D8FF142EEBD0005F09CA /* Delete.png */,
				6F86D900142EEBD0005F09CA /* DeletePressed.png */,
				6F86D901142EEBD0005F09CA /* Toolbar.png */,
			);
			name = UIToolbar;
			sourceTree = "<group>";
		};
		6F86D8FE142EEBAC005F09CA /* UITableView */ = {
			isa = PBXGroup;
			children = (
				9084BD821481F2B5005442AE /* cellBackgroundReversed.png */,
				9084BD831481F2B5005442AE /* cellButtonBackground.png */,
				6F4E0DD41430794A00FB9307 /* GroupedCellBackground.png */,
				6F86D905142EF134005F09CA /* ListCellGradient.png */,
				6F86D906142EF134005F09CA /* DisclosureButton.png */,
				6F86D907142EF134005F09CA /* ShadowBottom.png */,
				6F86D908142EF134005F09CA /* ShadowTop.png */,
				6F86D909142EF134005F09CA /* Tick.png */,
			);
			name = UITableView;
			sourceTree = "<group>";
		};
		6F86D91B14306F96005F09CA /* Grids */ = {
			isa = PBXGroup;
			children = (
				6F86D92714306FEF005F09CA /* GridDetailView.h */,
				6F86D92814306FEF005F09CA /* GridDetailView.m */,
				6F86D92914306FEF005F09CA /* GridListControlView.h */,
				6F86D92A14306FEF005F09CA /* GridListControlView.m */,
			);
			name = Grids;
			sourceTree = "<group>";
		};
		6F86D91C14306FAA005F09CA /* Plates */ = {
			isa = PBXGroup;
			children = (
				6F86D92114306FE0005F09CA /* PlatesDetailView.h */,
				6F86D92214306FE0005F09CA /* PlatesDetailView.m */,
				6F86D92314306FE0005F09CA /* PlatesListControlView.h */,
				6F86D92414306FE0005F09CA /* PlatesListControlView.m */,
			);
			name = Plates;
			sourceTree = "<group>";
		};
		6F86D91D14306FB1005F09CA /* Density */ = {
			isa = PBXGroup;
			children = (
				6F86D91E14306FD4005F09CA /* DensityDetailView.h */,
				6F86D91F14306FD4005F09CA /* DensityDetailView.m */,
			);
			name = Density;
			sourceTree = "<group>";
		};
		6F8A3AD0142600DA0082C846 /* Navigation */ = {
			isa = PBXGroup;
			children = (
				6F7C057A14275D2B007FA7A8 /* BlankButtonSmall.png */,
				6F7C057B14275D2B007FA7A8 /* BlankButtonSmallPressed.png */,
				6F8A3AD3142613800082C846 /* BlankButtonWide.png */,
				6F7C057C14275D2B007FA7A8 /* BlankButtonWidePressed.png */,
				6F7C057D14275D2B007FA7A8 /* InformationButton.png */,
				6F7C057E14275D2B007FA7A8 /* InformationButtonPressed.png */,
				6F7C058014275D2B007FA7A8 /* SettingsButton.png */,
				6F7C058114275D2B007FA7A8 /* SettingsButtonPressed.png */,
				6F8A3AD2142613800082C846 /* NavigationBack.png */,
				6F7C057F14275D2B007FA7A8 /* NavigationBackPressed.png */,
				6F53548714245B230079CB86 /* NavigationBar.png */,
			);
			path = Navigation;
			sourceTree = "<group>";
		};
		6F8F988B14234DC800D09D53 /* Main */ = {
			isa = PBXGroup;
			children = (
				6F8F988E1423507300D09D53 /* MainViewController.h */,
				6F8F988F1423507300D09D53 /* MainViewController.m */,
			);
			name = Main;
			sourceTree = "<group>";
		};
		6F8F988C14234DD100D09D53 /* Settings */ = {
			isa = PBXGroup;
			children = (
				9084BD7E1481F250005442AE /* Thickness */,
				6F86D91D14306FB1005F09CA /* Density */,
				6F86D91C14306FAA005F09CA /* Plates */,
				6F86D91B14306F96005F09CA /* Grids */,
				6F7C059214276D38007FA7A8 /* MachineListControlView.h */,
				6F7C059314276D38007FA7A8 /* MachineListControlView.m */,
				6F86D912142F252E005F09CA /* MachineDetailControlView.h */,
				6F86D913142F252E005F09CA /* MachineDetailControlView.m */,
			);
			name = Settings;
			sourceTree = "<group>";
		};
		6F8F988D14234DD700D09D53 /* Information */ = {
			isa = PBXGroup;
			children = (
				6F7C058F14276A6E007FA7A8 /* InformationViewController.h */,
				6F7C059014276A6E007FA7A8 /* InformationViewController.m */,
			);
			name = Information;
			sourceTree = "<group>";
		};
		6F8F9893142350A600D09D53 /* Custom Elements */ = {
			isa = PBXGroup;
			children = (
				6F53548B1424C8220079CB86 /* Navigation */,
				6F8F9894142350B000D09D53 /* UICandySlider */,
				6F76EF37142B3A1D006138DC /* UIRadialSlider */,
				909EF794148228060087EAD3 /* UIHorizontalPicker */,
			);
			path = "Custom Elements";
			sourceTree = "<group>";
		};
		6F8F9894142350B000D09D53 /* UICandySlider */ = {
			isa = PBXGroup;
			children = (
				6F8F9895142351CE00D09D53 /* UICandySlider.h */,
				6F8F9896142351CE00D09D53 /* UICandySlider.m */,
			);
			name = UICandySlider;
			sourceTree = "<group>";
		};
		6F8F989814235F5000D09D53 /* Artwork */ = {
			isa = PBXGroup;
			children = (
				6F8A3AD0142600DA0082C846 /* Navigation */,
				6F8F98BA14244EDD00D09D53 /* UICandySlider */,
				6F76EF38142B3B0C006138DC /* UIRadialSlider */,
				909EF798148253A80087EAD3 /* UIHorizontalPicker */,
				6F86D8FE142EEBAC005F09CA /* UITableView */,
				6F86D8FC142EEB9F005F09CA /* UIToolbar */,
				6F8F98C11424577100D09D53 /* StandardIcon.png */,
				6F8F98BF1424576B00D09D53 /* RetinaIcon.png */,
				6F7C05A5142825FC007FA7A8 /* Default.png */,
				6F7C05A3142825F8007FA7A8 /* Default@2x.png */,
				6F4E0DD71430795E00FB9307 /* AboutBubble.png */,
				6F8F989F14235F6A00D09D53 /* noise.png */,
				6F8F98B6142392A100D09D53 /* noise_retina.png */,
				6F7C059514277105007FA7A8 /* OutputBackground.png */,
			);
			path = Artwork;
			sourceTree = "<group>";
		};
		6F8F98AC14238F2000D09D53 /* Utilities */ = {
			isa = PBXGroup;
			children = (
				6F8F98AD14238F5F00D09D53 /* Core.h */,
				6F8F98AE14238F5F00D09D53 /* Core.m */,
				90A646E2146A971D00896FC3 /* CoreNetwork.h */,
				90A646E3146A971D00896FC3 /* CoreNetwork.m */,
				6F8F98B51423923800D09D53 /* Constants.h */,
				6F9AAD2214284DEB006FC670 /* Entities.h */,
			);
			name = Utilities;
			sourceTree = "<group>";
		};
		6F8F98BA14244EDD00D09D53 /* UICandySlider */ = {
			isa = PBXGroup;
			children = (
				6F8F989914235F6A00D09D53 /* CandyPattern.png */,
				6F8F989A14235F6A00D09D53 /* CandySliderBalloon.png */,
				6F8F989B14235F6A00D09D53 /* CandySliderGradient.png */,
				6F8F989C14235F6A00D09D53 /* CandySliderThumb.png */,
				6F8F989D14235F6A00D09D53 /* CandySliderThumbImage.png */,
			);
			path = UICandySlider;
			sourceTree = "<group>";
		};
		9084BD7E1481F250005442AE /* Thickness */ = {
			isa = PBXGroup;
			children = (
				9084BD7F1481F278005442AE /* ThicknessDetailView.h */,
				9084BD801481F278005442AE /* ThicknessDetailView.m */,
			);
			name = Thickness;
			sourceTree = "<group>";
		};
		909EF794148228060087EAD3 /* UIHorizontalPicker */ = {
			isa = PBXGroup;
			children = (
				909EF795148228AA0087EAD3 /* UIHorizontalPicker.h */,
				909EF796148228AA0087EAD3 /* UIHorizontalPicker.m */,
			);
			name = UIHorizontalPicker;
			sourceTree = "<group>";
		};
		909EF798148253A80087EAD3 /* UIHorizontalPicker */ = {
			isa = PBXGroup;
			children = (
				909EF799148253C40087EAD3 /* picker.png */,
			);
			name = UIHorizontalPicker;
			sourceTree = "<group>";
		};
		90A646A9146A94A400896FC3 /* Products */ = {
			isa = PBXGroup;
			children = (
				90A646BD146A94A400896FC3 /* libRestKitNetwork.a */,
				90A646BF146A94A400896FC3 /* libRestKitObjectMapping.a */,
				90A646C1146A94A400896FC3 /* libRestKitSupport.a */,
				90A646C3146A94A400896FC3 /* libRestKitJSONParserNXJSON.a */,
				90A646C5146A94A400896FC3 /* libRestKitJSONParserYAJL.a */,
				90A646C7146A94A400896FC3 /* libRestKitJSONParserSBJSON.a */,
				90A646C9146A94A400896FC3 /* libRestKitJSONParserJSONKit.a */,
				90A646CB146A94A400896FC3 /* libRestKitXMLParserLibxml.a */,
				90A646CD146A94A400896FC3 /* libRestKitCoreData.a */,
				90A646CF146A94A400896FC3 /* libRestKitThree20.a */,
				90A646D1146A94A400896FC3 /* RestKitSpecs.app */,
			);
			name = Products;
			sourceTree = "<group>";
		};
/* End PBXGroup section */

/* Begin PBXNativeTarget section */
		6F25D29014221A6B00D938E9 /* XrayCalc */ = {
			isa = PBXNativeTarget;
			buildConfigurationList = 6F25D2AE14221A6B00D938E9 /* Build configuration list for PBXNativeTarget "XrayCalc" */;
			buildPhases = (
				6F25D28D14221A6B00D938E9 /* Sources */,
				6F25D28E14221A6B00D938E9 /* Frameworks */,
				6F25D28F14221A6B00D938E9 /* Resources */,
			);
			buildRules = (
			);
			dependencies = (
				90A646D3146A94E000896FC3 /* PBXTargetDependency */,
			);
			name = XrayCalc;
			productName = XrayCalc;
			productReference = 6F25D29114221A6B00D938E9 /* XrayCalc.app */;
			productType = "com.apple.product-type.application";
		};
/* End PBXNativeTarget section */

/* Begin PBXProject section */
		6F25D28814221A6A00D938E9 /* Project object */ = {
			isa = PBXProject;
			attributes = {
				LastUpgradeCheck = 0420;
			};
			buildConfigurationList = 6F25D28B14221A6A00D938E9 /* Build configuration list for PBXProject "XrayCalc" */;
			compatibilityVersion = "Xcode 3.2";
			developmentRegion = English;
			hasScannedForEncodings = 0;
			knownRegions = (
				en,
			);
			mainGroup = 6F25D28614221A6A00D938E9;
			productRefGroup = 6F25D29214221A6B00D938E9 /* Products */;
			projectDirPath = "";
			projectReferences = (
				{
					ProductGroup = 90A646A9146A94A400896FC3 /* Products */;
					ProjectRef = 90A646A8146A94A400896FC3 /* RestKit.xcodeproj */;
				},
			);
			projectRoot = "";
			targets = (
				6F25D29014221A6B00D938E9 /* XrayCalc */,
			);
		};
/* End PBXProject section */

/* Begin PBXReferenceProxy section */
		90A646BD146A94A400896FC3 /* libRestKitNetwork.a */ = {
			isa = PBXReferenceProxy;
			fileType = archive.ar;
			path = libRestKitNetwork.a;
			remoteRef = 90A646BC146A94A400896FC3 /* PBXContainerItemProxy */;
			sourceTree = BUILT_PRODUCTS_DIR;
		};
		90A646BF146A94A400896FC3 /* libRestKitObjectMapping.a */ = {
			isa = PBXReferenceProxy;
			fileType = archive.ar;
			path = libRestKitObjectMapping.a;
			remoteRef = 90A646BE146A94A400896FC3 /* PBXContainerItemProxy */;
			sourceTree = BUILT_PRODUCTS_DIR;
		};
		90A646C1146A94A400896FC3 /* libRestKitSupport.a */ = {
			isa = PBXReferenceProxy;
			fileType = archive.ar;
			path = libRestKitSupport.a;
			remoteRef = 90A646C0146A94A400896FC3 /* PBXContainerItemProxy */;
			sourceTree = BUILT_PRODUCTS_DIR;
		};
		90A646C3146A94A400896FC3 /* libRestKitJSONParserNXJSON.a */ = {
			isa = PBXReferenceProxy;
			fileType = archive.ar;
			path = libRestKitJSONParserNXJSON.a;
			remoteRef = 90A646C2146A94A400896FC3 /* PBXContainerItemProxy */;
			sourceTree = BUILT_PRODUCTS_DIR;
		};
		90A646C5146A94A400896FC3 /* libRestKitJSONParserYAJL.a */ = {
			isa = PBXReferenceProxy;
			fileType = archive.ar;
			path = libRestKitJSONParserYAJL.a;
			remoteRef = 90A646C4146A94A400896FC3 /* PBXContainerItemProxy */;
			sourceTree = BUILT_PRODUCTS_DIR;
		};
		90A646C7146A94A400896FC3 /* libRestKitJSONParserSBJSON.a */ = {
			isa = PBXReferenceProxy;
			fileType = archive.ar;
			path = libRestKitJSONParserSBJSON.a;
			remoteRef = 90A646C6146A94A400896FC3 /* PBXContainerItemProxy */;
			sourceTree = BUILT_PRODUCTS_DIR;
		};
		90A646C9146A94A400896FC3 /* libRestKitJSONParserJSONKit.a */ = {
			isa = PBXReferenceProxy;
			fileType = archive.ar;
			path = libRestKitJSONParserJSONKit.a;
			remoteRef = 90A646C8146A94A400896FC3 /* PBXContainerItemProxy */;
			sourceTree = BUILT_PRODUCTS_DIR;
		};
		90A646CB146A94A400896FC3 /* libRestKitXMLParserLibxml.a */ = {
			isa = PBXReferenceProxy;
			fileType = archive.ar;
			path = libRestKitXMLParserLibxml.a;
			remoteRef = 90A646CA146A94A400896FC3 /* PBXContainerItemProxy */;
			sourceTree = BUILT_PRODUCTS_DIR;
		};
		90A646CD146A94A400896FC3 /* libRestKitCoreData.a */ = {
			isa = PBXReferenceProxy;
			fileType = archive.ar;
			path = libRestKitCoreData.a;
			remoteRef = 90A646CC146A94A400896FC3 /* PBXContainerItemProxy */;
			sourceTree = BUILT_PRODUCTS_DIR;
		};
		90A646CF146A94A400896FC3 /* libRestKitThree20.a */ = {
			isa = PBXReferenceProxy;
			fileType = archive.ar;
			path = libRestKitThree20.a;
			remoteRef = 90A646CE146A94A400896FC3 /* PBXContainerItemProxy */;
			sourceTree = BUILT_PRODUCTS_DIR;
		};
		90A646D1146A94A400896FC3 /* RestKitSpecs.app */ = {
			isa = PBXReferenceProxy;
			fileType = wrapper.application;
			path = RestKitSpecs.app;
			remoteRef = 90A646D0146A94A400896FC3 /* PBXContainerItemProxy */;
			sourceTree = BUILT_PRODUCTS_DIR;
		};
/* End PBXReferenceProxy section */

/* Begin PBXResourcesBuildPhase section */
		6F25D28F14221A6B00D938E9 /* Resources */ = {
			isa = PBXResourcesBuildPhase;
			buildActionMask = 2147483647;
			files = (
				6F25D2A214221A6B00D938E9 /* InfoPlist.strings in Resources */,
				6F8F98A014235F6A00D09D53 /* CandyPattern.png in Resources */,
				6F8F98A114235F6A00D09D53 /* CandySliderBalloon.png in Resources */,
				6F8F98A214235F6A00D09D53 /* CandySliderGradient.png in Resources */,
				6F8F98A314235F6A00D09D53 /* CandySliderThumb.png in Resources */,
				6F8F98A414235F6A00D09D53 /* CandySliderThumbImage.png in Resources */,
				6F8F98A614235F6A00D09D53 /* noise.png in Resources */,
				6F8F98B7142392A200D09D53 /* noise_retina.png in Resources */,
				6F8F98C01424576B00D09D53 /* RetinaIcon.png in Resources */,
				6F8F98C21424577100D09D53 /* StandardIcon.png in Resources */,
				6F53548814245B230079CB86 /* NavigationBar.png in Resources */,
				6F5354901424CDB50079CB86 /* UINavigationBlueBar.xib in Resources */,
				6F8A3AD4142613800082C846 /* NavigationBack.png in Resources */,
				6F8A3AD5142613800082C846 /* BlankButtonWide.png in Resources */,
				6F7C058214275D2B007FA7A8 /* BlankButtonSmall.png in Resources */,
				6F7C058314275D2B007FA7A8 /* BlankButtonSmallPressed.png in Resources */,
				6F7C058414275D2B007FA7A8 /* BlankButtonWidePressed.png in Resources */,
				6F7C058514275D2B007FA7A8 /* InformationButton.png in Resources */,
				6F7C058614275D2B007FA7A8 /* InformationButtonPressed.png in Resources */,
				6F7C058714275D2B007FA7A8 /* NavigationBackPressed.png in Resources */,
				6F7C058814275D2B007FA7A8 /* SettingsButton.png in Resources */,
				6F7C058914275D2B007FA7A8 /* SettingsButtonPressed.png in Resources */,
				6F7C059614277105007FA7A8 /* OutputBackground.png in Resources */,
				6F7C05A4142825F8007FA7A8 /* Default@2x.png in Resources */,
				6F7C05A6142825FC007FA7A8 /* Default.png in Resources */,
				6F76EF3B142B3B2E006138DC /* DialBase.png in Resources */,
				6F76EF3C142B3B2E006138DC /* DialThumb.png in Resources */,
				6F86D902142EEBD0005F09CA /* Delete.png in Resources */,
				6F86D903142EEBD0005F09CA /* DeletePressed.png in Resources */,
				6F86D904142EEBD0005F09CA /* Toolbar.png in Resources */,
				6F86D90A142EF134005F09CA /* ListCellGradient.png in Resources */,
				6F86D90B142EF134005F09CA /* DisclosureButton.png in Resources */,
				6F86D90C142EF134005F09CA /* ShadowBottom.png in Resources */,
				6F86D90D142EF134005F09CA /* ShadowTop.png in Resources */,
				6F86D90E142EF134005F09CA /* Tick.png in Resources */,
				6F4E0DD51430794A00FB9307 /* GroupedCellBackground.png in Resources */,
				6F4E0DD81430795E00FB9307 /* AboutBubble.png in Resources */,
				90F60E27145765F4003B5992 /* Entitlements.plist in Resources */,
				9084BD841481F2B5005442AE /* cellBackgroundReversed.png in Resources */,
				9084BD851481F2B5005442AE /* cellButtonBackground.png in Resources */,
				909EF79A148253C40087EAD3 /* picker.png in Resources */,
			);
			runOnlyForDeploymentPostprocessing = 0;
		};
/* End PBXResourcesBuildPhase section */

/* Begin PBXSourcesBuildPhase section */
		6F25D28D14221A6B00D938E9 /* Sources */ = {
			isa = PBXSourcesBuildPhase;
			buildActionMask = 2147483647;
			files = (
				6F25D2A414221A6B00D938E9 /* main.m in Sources */,
				6F25D2A814221A6B00D938E9 /* AppDelegate.m in Sources */,
				6F8F98911423507300D09D53 /* MainViewController.m in Sources */,
				6F8F9897142351CE00D09D53 /* UICandySlider.m in Sources */,
				6F8F98AF14238F5F00D09D53 /* Core.m in Sources */,
				6F53548E1424C87E0079CB86 /* UINavigationBlueBar.m in Sources */,
				6F7C059114276A6E007FA7A8 /* InformationViewController.m in Sources */,
				6F7C059414276D38007FA7A8 /* MachineListControlView.m in Sources */,
				6F7C05A2142825AC007FA7A8 /* XrayCalc.xcdatamodeld in Sources */,
				6F9AAD061428322A006FC670 /* Plate.m in Sources */,
				6F9AAD0C1428322B006FC670 /* Grid.m in Sources */,
				6F9AAD0F1428322B006FC670 /* Setting.m in Sources */,
				6F9AAD12142832F8006FC670 /* Machine.m in Sources */,
				6F76EF35142B3A10006138DC /* UIRadialSlider.m in Sources */,
				6F86D911142EF3B8005F09CA /* UIToolbarXrayCalc.m in Sources */,
				6F86D914142F252E005F09CA /* MachineDetailControlView.m in Sources */,
				6F86D92014306FD4005F09CA /* DensityDetailView.m in Sources */,
				6F86D92514306FE0005F09CA /* PlatesDetailView.m in Sources */,
				6F86D92614306FE0005F09CA /* PlatesListControlView.m in Sources */,
				6F86D92B14306FEF005F09CA /* GridDetailView.m in Sources */,
				6F86D92C14306FEF005F09CA /* GridListControlView.m in Sources */,
				90A646E4146A971D00896FC3 /* CoreNetwork.m in Sources */,
				9084BD811481F278005442AE /* ThicknessDetailView.m in Sources */,
				909EF797148228AA0087EAD3 /* UIHorizontalPicker.m in Sources */,
				90F7829A1494BEC500BB15E9 /* User.m in Sources */,
			);
			runOnlyForDeploymentPostprocessing = 0;
		};
/* End PBXSourcesBuildPhase section */

/* Begin PBXTargetDependency section */
		90A646D3146A94E000896FC3 /* PBXTargetDependency */ = {
			isa = PBXTargetDependency;
			name = RestKit;
			targetProxy = 90A646D2146A94E000896FC3 /* PBXContainerItemProxy */;
		};
/* End PBXTargetDependency section */

/* Begin PBXVariantGroup section */
		6F25D2A014221A6B00D938E9 /* InfoPlist.strings */ = {
			isa = PBXVariantGroup;
			children = (
				6F25D2A114221A6B00D938E9 /* en */,
			);
			name = InfoPlist.strings;
			sourceTree = "<group>";
		};
/* End PBXVariantGroup section */

/* Begin XCBuildConfiguration section */
		6F25D2AC14221A6B00D938E9 /* Debug */ = {
			isa = XCBuildConfiguration;
			buildSettings = {
				ALWAYS_SEARCH_USER_PATHS = NO;
				ARCHS = "$(ARCHS_STANDARD_32_BIT)";
				"CODE_SIGN_IDENTITY[sdk=iphoneos*]" = "iPhone Developer";
				COPY_PHASE_STRIP = NO;
				GCC_C_LANGUAGE_STANDARD = gnu99;
				GCC_DYNAMIC_NO_PIC = NO;
				GCC_OPTIMIZATION_LEVEL = 0;
				GCC_PREPROCESSOR_DEFINITIONS = (
					"DEBUG=1",
					"$(inherited)",
				);
				GCC_SYMBOLS_PRIVATE_EXTERN = NO;
				GCC_VERSION = com.apple.compilers.llvm.clang.1_0;
				GCC_WARN_ABOUT_MISSING_PROTOTYPES = YES;
				GCC_WARN_ABOUT_RETURN_TYPE = YES;
				GCC_WARN_UNUSED_VARIABLE = YES;
				HEADER_SEARCH_PATHS = "\"$(SOURCE_ROOT)/RestKit/Build\"";
				IPHONEOS_DEPLOYMENT_TARGET = 4.2;
				OTHER_LDFLAGS = "-ObjC";
				SDKROOT = iphoneos;
			};
			name = Debug;
		};
		6F25D2AD14221A6B00D938E9 /* Release */ = {
			isa = XCBuildConfiguration;
			buildSettings = {
				ALWAYS_SEARCH_USER_PATHS = NO;
				ARCHS = "$(ARCHS_STANDARD_32_BIT)";
				"CODE_SIGN_IDENTITY[sdk=iphoneos*]" = "iPhone Developer";
				COPY_PHASE_STRIP = YES;
				GCC_C_LANGUAGE_STANDARD = gnu99;
				GCC_VERSION = com.apple.compilers.llvm.clang.1_0;
				GCC_WARN_ABOUT_MISSING_PROTOTYPES = YES;
				GCC_WARN_ABOUT_RETURN_TYPE = YES;
				GCC_WARN_UNUSED_VARIABLE = YES;
				HEADER_SEARCH_PATHS = "\"$(SOURCE_ROOT)/RestKit/Build\"";
				IPHONEOS_DEPLOYMENT_TARGET = 4.2;
				OTHER_CFLAGS = "-DNS_BLOCK_ASSERTIONS=1";
				OTHER_LDFLAGS = "-ObjC";
				SDKROOT = iphoneos;
				VALIDATE_PRODUCT = YES;
			};
			name = Release;
		};
		6F25D2AF14221A6B00D938E9 /* Debug */ = {
			isa = XCBuildConfiguration;
			buildSettings = {
				ARCHS = (
					armv7,
					armv6,
				);
				CODE_SIGN_IDENTITY = "iPhone Developer";
				GCC_PRECOMPILE_PREFIX_HEADER = YES;
				GCC_PREFIX_HEADER = "XrayCalc/XrayCalc-Prefix.pch";
				GCC_WARN_UNUSED_VALUE = NO;
				GCC_WARN_UNUSED_VARIABLE = NO;
				INFOPLIST_FILE = "XrayCalc/XrayCalc-Info.plist";
				IPHONEOS_DEPLOYMENT_TARGET = 4.2;
				PRODUCT_NAME = "$(TARGET_NAME)";
				PROVISIONING_PROFILE = "";
				WRAPPER_EXTENSION = app;
			};
			name = Debug;
		};
		6F25D2B014221A6B00D938E9 /* Release */ = {
			isa = XCBuildConfiguration;
			buildSettings = {
				ARCHS = (
					armv7,
					armv6,
				);
				CODE_SIGN_IDENTITY = "iPhone Developer";
				GCC_PRECOMPILE_PREFIX_HEADER = YES;
				GCC_PREFIX_HEADER = "XrayCalc/XrayCalc-Prefix.pch";
				GCC_WARN_UNUSED_VALUE = NO;
				GCC_WARN_UNUSED_VARIABLE = NO;
				INFOPLIST_FILE = "XrayCalc/XrayCalc-Info.plist";
				IPHONEOS_DEPLOYMENT_TARGET = 4.2;
				PRODUCT_NAME = "$(TARGET_NAME)";
				PROVISIONING_PROFILE = "";
				WRAPPER_EXTENSION = app;
			};
			name = Release;
		};
/* End XCBuildConfiguration section */

/* Begin XCConfigurationList section */
		6F25D28B14221A6A00D938E9 /* Build configuration list for PBXProject "XrayCalc" */ = {
			isa = XCConfigurationList;
			buildConfigurations = (
				6F25D2AC14221A6B00D938E9 /* Debug */,
				6F25D2AD14221A6B00D938E9 /* Release */,
			);
			defaultConfigurationIsVisible = 0;
			defaultConfigurationName = Release;
		};
		6F25D2AE14221A6B00D938E9 /* Build configuration list for PBXNativeTarget "XrayCalc" */ = {
			isa = XCConfigurationList;
			buildConfigurations = (
				6F25D2AF14221A6B00D938E9 /* Debug */,
				6F25D2B014221A6B00D938E9 /* Release */,
			);
			defaultConfigurationIsVisible = 0;
			defaultConfigurationName = Release;
		};
/* End XCConfigurationList section */

/* Begin XCVersionGroup section */
		6F7C05A0142825AC007FA7A8 /* XrayCalc.xcdatamodeld */ = {
			isa = XCVersionGroup;
			children = (
				6F7C05A1142825AC007FA7A8 /* XrayCalc.xcdatamodel */,
			);
			currentVersion = 6F7C05A1142825AC007FA7A8 /* XrayCalc.xcdatamodel */;
			name = XrayCalc.xcdatamodeld;
			path = ../XrayCalc.xcdatamodeld;
			sourceTree = "<group>";
			versionGroupType = wrapper.xcdatamodel;
		};
/* End XCVersionGroup section */
	};
	rootObject = 6F25D28814221A6A00D938E9 /* Project object */;
}
