// !$*UTF8*$!
{
	archiveVersion = 1;
	classes = {
	};
	objectVersion = 46;
	objects = {

/* Begin PBXBuildFile section */
		6F25D29614221A6B00D938E9 /* UIKit.framework in Frameworks */ = {isa = PBXBuildFile; fileRef = 6F25D29514221A6B00D938E9 /* UIKit.framework */; };
		6F25D29814221A6B00D938E9 /* Foundation.framework in Frameworks */ = {isa = PBXBuildFile; fileRef = 6F25D29714221A6B00D938E9 /* Foundation.framework */; };
		6F25D29A14221A6B00D938E9 /* CoreGraphics.framework in Frameworks */ = {isa = PBXBuildFile; fileRef = 6F25D29914221A6B00D938E9 /* CoreGraphics.framework */; };
		6F25D29C14221A6B00D938E9 /* CoreData.framework in Frameworks */ = {isa = PBXBuildFile; fileRef = 6F25D29B14221A6B00D938E9 /* CoreData.framework */; };
		6F25D2A214221A6B00D938E9 /* InfoPlist.strings in Resources */ = {isa = PBXBuildFile; fileRef = 6F25D2A014221A6B00D938E9 /* InfoPlist.strings */; };
		6F25D2A414221A6B00D938E9 /* main.m in Sources */ = {isa = PBXBuildFile; fileRef = 6F25D2A314221A6B00D938E9 /* main.m */; };
		6F25D2A814221A6B00D938E9 /* AppDelegate.m in Sources */ = {isa = PBXBuildFile; fileRef = 6F25D2A714221A6B00D938E9 /* AppDelegate.m */; };
		6F25D2AB14221A6B00D938E9 /* XrayCalc.xcdatamodeld in Sources */ = {isa = PBXBuildFile; fileRef = 6F25D2A914221A6B00D938E9 /* XrayCalc.xcdatamodeld */; };
		6F53548814245B230079CB86 /* NavigationBar.png in Resources */ = {isa = PBXBuildFile; fileRef = 6F53548714245B230079CB86 /* NavigationBar.png */; };
		6F53548A142468300079CB86 /* QuartzCore.framework in Frameworks */ = {isa = PBXBuildFile; fileRef = 6F535489142468300079CB86 /* QuartzCore.framework */; };
		6F8F98911423507300D09D53 /* MainViewController.m in Sources */ = {isa = PBXBuildFile; fileRef = 6F8F988F1423507300D09D53 /* MainViewController.m */; };
		6F8F98921423507300D09D53 /* MainView.xib in Resources */ = {isa = PBXBuildFile; fileRef = 6F8F98901423507300D09D53 /* MainView.xib */; };
		6F8F9897142351CE00D09D53 /* UICandySlider.m in Sources */ = {isa = PBXBuildFile; fileRef = 6F8F9896142351CE00D09D53 /* UICandySlider.m */; };
		6F8F98A014235F6A00D09D53 /* CandyPattern.png in Resources */ = {isa = PBXBuildFile; fileRef = 6F8F989914235F6A00D09D53 /* CandyPattern.png */; };
		6F8F98A114235F6A00D09D53 /* CandySliderBalloon.png in Resources */ = {isa = PBXBuildFile; fileRef = 6F8F989A14235F6A00D09D53 /* CandySliderBalloon.png */; };
		6F8F98A214235F6A00D09D53 /* CandySliderGradient.png in Resources */ = {isa = PBXBuildFile; fileRef = 6F8F989B14235F6A00D09D53 /* CandySliderGradient.png */; };
		6F8F98A314235F6A00D09D53 /* CandySliderThumb.png in Resources */ = {isa = PBXBuildFile; fileRef = 6F8F989C14235F6A00D09D53 /* CandySliderThumb.png */; };
		6F8F98A414235F6A00D09D53 /* CandySliderThumbImage.png in Resources */ = {isa = PBXBuildFile; fileRef = 6F8F989D14235F6A00D09D53 /* CandySliderThumbImage.png */; };
		6F8F98A614235F6A00D09D53 /* noise.png in Resources */ = {isa = PBXBuildFile; fileRef = 6F8F989F14235F6A00D09D53 /* noise.png */; };
		6F8F98AF14238F5F00D09D53 /* Core.m in Sources */ = {isa = PBXBuildFile; fileRef = 6F8F98AE14238F5F00D09D53 /* Core.m */; };
		6F8F98B7142392A200D09D53 /* noise_retina.png in Resources */ = {isa = PBXBuildFile; fileRef = 6F8F98B6142392A100D09D53 /* noise_retina.png */; };
		6F8F98C01424576B00D09D53 /* RetinaIcon.png in Resources */ = {isa = PBXBuildFile; fileRef = 6F8F98BF1424576B00D09D53 /* RetinaIcon.png */; };
		6F8F98C21424577100D09D53 /* StandardIcon.png in Resources */ = {isa = PBXBuildFile; fileRef = 6F8F98C11424577100D09D53 /* StandardIcon.png */; };
/* End PBXBuildFile section */

/* Begin PBXFileReference section */
		6F25D29114221A6B00D938E9 /* XrayCalc.app */ = {isa = PBXFileReference; explicitFileType = wrapper.application; includeInIndex = 0; path = XrayCalc.app; sourceTree = BUILT_PRODUCTS_DIR; };
		6F25D29514221A6B00D938E9 /* UIKit.framework */ = {isa = PBXFileReference; lastKnownFileType = wrapper.framework; name = UIKit.framework; path = System/Library/Frameworks/UIKit.framework; sourceTree = SDKROOT; };
		6F25D29714221A6B00D938E9 /* Foundation.framework */ = {isa = PBXFileReference; lastKnownFileType = wrapper.framework; name = Foundation.framework; path = System/Library/Frameworks/Foundation.framework; sourceTree = SDKROOT; };
		6F25D29914221A6B00D938E9 /* CoreGraphics.framework */ = {isa = PBXFileReference; lastKnownFileType = wrapper.framework; name = CoreGraphics.framework; path = System/Library/Frameworks/CoreGraphics.framework; sourceTree = SDKROOT; };
		6F25D29B14221A6B00D938E9 /* CoreData.framework */ = {isa = PBXFileReference; lastKnownFileType = wrapper.framework; name = CoreData.framework; path = System/Library/Frameworks/CoreData.framework; sourceTree = SDKROOT; };
		6F25D29F14221A6B00D938E9 /* XrayCalc-Info.plist */ = {isa = PBXFileReference; lastKnownFileType = text.plist.xml; path = "XrayCalc-Info.plist"; sourceTree = "<group>"; };
		6F25D2A114221A6B00D938E9 /* en */ = {isa = PBXFileReference; lastKnownFileType = text.plist.strings; name = en; path = en.lproj/InfoPlist.strings; sourceTree = "<group>"; };
		6F25D2A314221A6B00D938E9 /* main.m */ = {isa = PBXFileReference; lastKnownFileType = sourcecode.c.objc; path = main.m; sourceTree = "<group>"; };
		6F25D2A514221A6B00D938E9 /* XrayCalc-Prefix.pch */ = {isa = PBXFileReference; lastKnownFileType = sourcecode.c.h; path = "XrayCalc-Prefix.pch"; sourceTree = "<group>"; };
		6F25D2A614221A6B00D938E9 /* AppDelegate.h */ = {isa = PBXFileReference; lastKnownFileType = sourcecode.c.h; path = AppDelegate.h; sourceTree = "<group>"; };
		6F25D2A714221A6B00D938E9 /* AppDelegate.m */ = {isa = PBXFileReference; lastKnownFileType = sourcecode.c.objc; path = AppDelegate.m; sourceTree = "<group>"; };
		6F25D2AA14221A6B00D938E9 /* XrayCalc.xcdatamodel */ = {isa = PBXFileReference; lastKnownFileType = wrapper.xcdatamodel; path = XrayCalc.xcdatamodel; sourceTree = "<group>"; };
		6F53548714245B230079CB86 /* NavigationBar.png */ = {isa = PBXFileReference; lastKnownFileType = image.png; path = NavigationBar.png; sourceTree = "<group>"; };
		6F535489142468300079CB86 /* QuartzCore.framework */ = {isa = PBXFileReference; lastKnownFileType = wrapper.framework; name = QuartzCore.framework; path = System/Library/Frameworks/QuartzCore.framework; sourceTree = SDKROOT; };
		6F8F988E1423507300D09D53 /* MainViewController.h */ = {isa = PBXFileReference; fileEncoding = 4; lastKnownFileType = sourcecode.c.h; path = MainViewController.h; sourceTree = "<group>"; };
		6F8F988F1423507300D09D53 /* MainViewController.m */ = {isa = PBXFileReference; fileEncoding = 4; lastKnownFileType = sourcecode.c.objc; path = MainViewController.m; sourceTree = "<group>"; };
		6F8F98901423507300D09D53 /* MainView.xib */ = {isa = PBXFileReference; fileEncoding = 4; lastKnownFileType = file.xib; path = MainView.xib; sourceTree = "<group>"; };
		6F8F9895142351CE00D09D53 /* UICandySlider.h */ = {isa = PBXFileReference; fileEncoding = 4; lastKnownFileType = sourcecode.c.h; path = UICandySlider.h; sourceTree = "<group>"; };
		6F8F9896142351CE00D09D53 /* UICandySlider.m */ = {isa = PBXFileReference; fileEncoding = 4; lastKnownFileType = sourcecode.c.objc; path = UICandySlider.m; sourceTree = "<group>"; };
		6F8F989914235F6A00D09D53 /* CandyPattern.png */ = {isa = PBXFileReference; lastKnownFileType = image.png; path = CandyPattern.png; sourceTree = "<group>"; };
		6F8F989A14235F6A00D09D53 /* CandySliderBalloon.png */ = {isa = PBXFileReference; lastKnownFileType = image.png; path = CandySliderBalloon.png; sourceTree = "<group>"; };
		6F8F989B14235F6A00D09D53 /* CandySliderGradient.png */ = {isa = PBXFileReference; lastKnownFileType = image.png; path = CandySliderGradient.png; sourceTree = "<group>"; };
		6F8F989C14235F6A00D09D53 /* CandySliderThumb.png */ = {isa = PBXFileReference; lastKnownFileType = image.png; path = CandySliderThumb.png; sourceTree = "<group>"; };
		6F8F989D14235F6A00D09D53 /* CandySliderThumbImage.png */ = {isa = PBXFileReference; lastKnownFileType = image.png; path = CandySliderThumbImage.png; sourceTree = "<group>"; };
		6F8F989F14235F6A00D09D53 /* noise.png */ = {isa = PBXFileReference; lastKnownFileType = image.png; path = noise.png; sourceTree = "<group>"; };
		6F8F98AD14238F5F00D09D53 /* Core.h */ = {isa = PBXFileReference; fileEncoding = 4; lastKnownFileType = sourcecode.c.h; path = Core.h; sourceTree = "<group>"; };
		6F8F98AE14238F5F00D09D53 /* Core.m */ = {isa = PBXFileReference; fileEncoding = 4; lastKnownFileType = sourcecode.c.objc; path = Core.m; sourceTree = "<group>"; };
		6F8F98B51423923800D09D53 /* Constants.h */ = {isa = PBXFileReference; fileEncoding = 4; lastKnownFileType = sourcecode.c.h; path = Constants.h; sourceTree = "<group>"; };
		6F8F98B6142392A100D09D53 /* noise_retina.png */ = {isa = PBXFileReference; lastKnownFileType = image.png; path = noise_retina.png; sourceTree = "<group>"; };
		6F8F98BF1424576B00D09D53 /* RetinaIcon.png */ = {isa = PBXFileReference; lastKnownFileType = image.png; name = RetinaIcon.png; path = ../../RetinaIcon.png; sourceTree = "<group>"; };
		6F8F98C11424577100D09D53 /* StandardIcon.png */ = {isa = PBXFileReference; lastKnownFileType = image.png; name = StandardIcon.png; path = ../../StandardIcon.png; sourceTree = "<group>"; };
/* End PBXFileReference section */

/* Begin PBXFrameworksBuildPhase section */
		6F25D28E14221A6B00D938E9 /* Frameworks */ = {
			isa = PBXFrameworksBuildPhase;
			buildActionMask = 2147483647;
			files = (
				6F53548A142468300079CB86 /* QuartzCore.framework in Frameworks */,
				6F25D29614221A6B00D938E9 /* UIKit.framework in Frameworks */,
				6F25D29814221A6B00D938E9 /* Foundation.framework in Frameworks */,
				6F25D29A14221A6B00D938E9 /* CoreGraphics.framework in Frameworks */,
				6F25D29C14221A6B00D938E9 /* CoreData.framework in Frameworks */,
			);
			runOnlyForDeploymentPostprocessing = 0;
		};
/* End PBXFrameworksBuildPhase section */

/* Begin PBXGroup section */
		6F25D28614221A6A00D938E9 = {
			isa = PBXGroup;
			children = (
				6F25D29D14221A6B00D938E9 /* Classes */,
				6F25D2B114221B9100D938E9 /* Resources */,
				6F25D29E14221A6B00D938E9 /* Supporting Files */,
				6F25D29414221A6B00D938E9 /* Frameworks */,
				6F25D29214221A6B00D938E9 /* Products */,
			);
			sourceTree = "<group>";
		};
		6F25D29214221A6B00D938E9 /* Products */ = {
			isa = PBXGroup;
			children = (
				6F25D29114221A6B00D938E9 /* XrayCalc.app */,
			);
			name = Products;
			sourceTree = "<group>";
		};
		6F25D29414221A6B00D938E9 /* Frameworks */ = {
			isa = PBXGroup;
			children = (
				6F25D29514221A6B00D938E9 /* UIKit.framework */,
				6F25D29714221A6B00D938E9 /* Foundation.framework */,
				6F25D29914221A6B00D938E9 /* CoreGraphics.framework */,
				6F25D29B14221A6B00D938E9 /* CoreData.framework */,
				6F535489142468300079CB86 /* QuartzCore.framework */,
			);
			name = Frameworks;
			sourceTree = "<group>";
		};
		6F25D29D14221A6B00D938E9 /* Classes */ = {
			isa = PBXGroup;
			children = (
				6F8F98AC14238F2000D09D53 /* Utilities */,
				6F25D2B914221CFD00D938E9 /* Views */,
				6F25D2B714221CE400D938E9 /* Data */,
			);
			name = Classes;
			path = XrayCalc/Classes;
			sourceTree = "<group>";
		};
		6F25D29E14221A6B00D938E9 /* Supporting Files */ = {
			isa = PBXGroup;
			children = (
				6F25D2A314221A6B00D938E9 /* main.m */,
				6F25D2A514221A6B00D938E9 /* XrayCalc-Prefix.pch */,
			);
			name = "Supporting Files";
			path = XrayCalc;
			sourceTree = "<group>";
		};
		6F25D2B114221B9100D938E9 /* Resources */ = {
			isa = PBXGroup;
			children = (
				6F8F989814235F5000D09D53 /* Artwork */,
				6F25D2A614221A6B00D938E9 /* AppDelegate.h */,
				6F25D2A714221A6B00D938E9 /* AppDelegate.m */,
				6F25D29F14221A6B00D938E9 /* XrayCalc-Info.plist */,
				6F25D2A014221A6B00D938E9 /* InfoPlist.strings */,
			);
			name = Resources;
			path = XrayCalc;
			sourceTree = "<group>";
		};
		6F25D2B714221CE400D938E9 /* Data */ = {
			isa = PBXGroup;
			children = (
				6F25D2B814221CF000D938E9 /* Entities */,
				6F25D2A914221A6B00D938E9 /* XrayCalc.xcdatamodeld */,
			);
			name = Data;
			sourceTree = "<group>";
		};
		6F25D2B814221CF000D938E9 /* Entities */ = {
			isa = PBXGroup;
			children = (
			);
			name = Entities;
			sourceTree = "<group>";
		};
		6F25D2B914221CFD00D938E9 /* Views */ = {
			isa = PBXGroup;
			children = (
				6F8F9893142350A600D09D53 /* Custom Elements */,
				6F8F988D14234DD700D09D53 /* Information */,
				6F8F988C14234DD100D09D53 /* Settings */,
				6F8F988B14234DC800D09D53 /* Main */,
			);
			name = Views;
			sourceTree = "<group>";
		};
		6F8F988B14234DC800D09D53 /* Main */ = {
			isa = PBXGroup;
			children = (
				6F8F988E1423507300D09D53 /* MainViewController.h */,
				6F8F988F1423507300D09D53 /* MainViewController.m */,
				6F8F98901423507300D09D53 /* MainView.xib */,
			);
			name = Main;
			sourceTree = "<group>";
		};
		6F8F988C14234DD100D09D53 /* Settings */ = {
			isa = PBXGroup;
			children = (
			);
			name = Settings;
			sourceTree = "<group>";
		};
		6F8F988D14234DD700D09D53 /* Information */ = {
			isa = PBXGroup;
			children = (
			);
			name = Information;
			sourceTree = "<group>";
		};
		6F8F9893142350A600D09D53 /* Custom Elements */ = {
			isa = PBXGroup;
			children = (
				6F8F9894142350B000D09D53 /* UICandySlider */,
			);
			path = "Custom Elements";
			sourceTree = "<group>";
		};
		6F8F9894142350B000D09D53 /* UICandySlider */ = {
			isa = PBXGroup;
			children = (
				6F8F9895142351CE00D09D53 /* UICandySlider.h */,
				6F8F9896142351CE00D09D53 /* UICandySlider.m */,
			);
			name = UICandySlider;
			sourceTree = "<group>";
		};
		6F8F989814235F5000D09D53 /* Artwork */ = {
			isa = PBXGroup;
			children = (
				6F8F98BA14244EDD00D09D53 /* UICandySlider */,
				6F8F98C11424577100D09D53 /* StandardIcon.png */,
				6F8F98BF1424576B00D09D53 /* RetinaIcon.png */,
				6F53548714245B230079CB86 /* NavigationBar.png */,
				6F8F989F14235F6A00D09D53 /* noise.png */,
				6F8F98B6142392A100D09D53 /* noise_retina.png */,
			);
			path = Artwork;
			sourceTree = "<group>";
		};
		6F8F98AC14238F2000D09D53 /* Utilities */ = {
			isa = PBXGroup;
			children = (
				6F8F98AD14238F5F00D09D53 /* Core.h */,
				6F8F98AE14238F5F00D09D53 /* Core.m */,
				6F8F98B51423923800D09D53 /* Constants.h */,
			);
			name = Utilities;
			sourceTree = "<group>";
		};
		6F8F98BA14244EDD00D09D53 /* UICandySlider */ = {
			isa = PBXGroup;
			children = (
				6F8F989914235F6A00D09D53 /* CandyPattern.png */,
				6F8F989A14235F6A00D09D53 /* CandySliderBalloon.png */,
				6F8F989B14235F6A00D09D53 /* CandySliderGradient.png */,
				6F8F989C14235F6A00D09D53 /* CandySliderThumb.png */,
				6F8F989D14235F6A00D09D53 /* CandySliderThumbImage.png */,
			);
			path = UICandySlider;
			sourceTree = "<group>";
		};
/* End PBXGroup section */

/* Begin PBXNativeTarget section */
		6F25D29014221A6B00D938E9 /* XrayCalc */ = {
			isa = PBXNativeTarget;
			buildConfigurationList = 6F25D2AE14221A6B00D938E9 /* Build configuration list for PBXNativeTarget "XrayCalc" */;
			buildPhases = (
				6F25D28D14221A6B00D938E9 /* Sources */,
				6F25D28E14221A6B00D938E9 /* Frameworks */,
				6F25D28F14221A6B00D938E9 /* Resources */,
			);
			buildRules = (
			);
			dependencies = (
			);
			name = XrayCalc;
			productName = XrayCalc;
			productReference = 6F25D29114221A6B00D938E9 /* XrayCalc.app */;
			productType = "com.apple.product-type.application";
		};
/* End PBXNativeTarget section */

/* Begin PBXProject section */
		6F25D28814221A6A00D938E9 /* Project object */ = {
			isa = PBXProject;
			attributes = {
				LastUpgradeCheck = 0420;
			};
			buildConfigurationList = 6F25D28B14221A6A00D938E9 /* Build configuration list for PBXProject "XrayCalc" */;
			compatibilityVersion = "Xcode 3.2";
			developmentRegion = English;
			hasScannedForEncodings = 0;
			knownRegions = (
				en,
			);
			mainGroup = 6F25D28614221A6A00D938E9;
			productRefGroup = 6F25D29214221A6B00D938E9 /* Products */;
			projectDirPath = "";
			projectRoot = "";
			targets = (
				6F25D29014221A6B00D938E9 /* XrayCalc */,
			);
		};
/* End PBXProject section */

/* Begin PBXResourcesBuildPhase section */
		6F25D28F14221A6B00D938E9 /* Resources */ = {
			isa = PBXResourcesBuildPhase;
			buildActionMask = 2147483647;
			files = (
				6F25D2A214221A6B00D938E9 /* InfoPlist.strings in Resources */,
				6F8F98921423507300D09D53 /* MainView.xib in Resources */,
				6F8F98A014235F6A00D09D53 /* CandyPattern.png in Resources */,
				6F8F98A114235F6A00D09D53 /* CandySliderBalloon.png in Resources */,
				6F8F98A214235F6A00D09D53 /* CandySliderGradient.png in Resources */,
				6F8F98A314235F6A00D09D53 /* CandySliderThumb.png in Resources */,
				6F8F98A414235F6A00D09D53 /* CandySliderThumbImage.png in Resources */,
				6F8F98A614235F6A00D09D53 /* noise.png in Resources */,
				6F8F98B7142392A200D09D53 /* noise_retina.png in Resources */,
				6F8F98C01424576B00D09D53 /* RetinaIcon.png in Resources */,
				6F8F98C21424577100D09D53 /* StandardIcon.png in Resources */,
				6F53548814245B230079CB86 /* NavigationBar.png in Resources */,
			);
			runOnlyForDeploymentPostprocessing = 0;
		};
/* End PBXResourcesBuildPhase section */

/* Begin PBXSourcesBuildPhase section */
		6F25D28D14221A6B00D938E9 /* Sources */ = {
			isa = PBXSourcesBuildPhase;
			buildActionMask = 2147483647;
			files = (
				6F25D2A414221A6B00D938E9 /* main.m in Sources */,
				6F25D2A814221A6B00D938E9 /* AppDelegate.m in Sources */,
				6F25D2AB14221A6B00D938E9 /* XrayCalc.xcdatamodeld in Sources */,
				6F8F98911423507300D09D53 /* MainViewController.m in Sources */,
				6F8F9897142351CE00D09D53 /* UICandySlider.m in Sources */,
				6F8F98AF14238F5F00D09D53 /* Core.m in Sources */,
			);
			runOnlyForDeploymentPostprocessing = 0;
		};
/* End PBXSourcesBuildPhase section */

/* Begin PBXVariantGroup section */
		6F25D2A014221A6B00D938E9 /* InfoPlist.strings */ = {
			isa = PBXVariantGroup;
			children = (
				6F25D2A114221A6B00D938E9 /* en */,
			);
			name = InfoPlist.strings;
			sourceTree = "<group>";
		};
/* End PBXVariantGroup section */

/* Begin XCBuildConfiguration section */
		6F25D2AC14221A6B00D938E9 /* Debug */ = {
			isa = XCBuildConfiguration;
			buildSettings = {
				ALWAYS_SEARCH_USER_PATHS = NO;
				ARCHS = "$(ARCHS_STANDARD_32_BIT)";
				"CODE_SIGN_IDENTITY[sdk=iphoneos*]" = "iPhone Developer";
				COPY_PHASE_STRIP = NO;
				GCC_C_LANGUAGE_STANDARD = gnu99;
				GCC_DYNAMIC_NO_PIC = NO;
				GCC_OPTIMIZATION_LEVEL = 0;
				GCC_PREPROCESSOR_DEFINITIONS = (
					"DEBUG=1",
					"$(inherited)",
				);
				GCC_SYMBOLS_PRIVATE_EXTERN = NO;
				GCC_VERSION = com.apple.compilers.llvm.clang.1_0;
				GCC_WARN_ABOUT_MISSING_PROTOTYPES = YES;
				GCC_WARN_ABOUT_RETURN_TYPE = YES;
				GCC_WARN_UNUSED_VARIABLE = YES;
				IPHONEOS_DEPLOYMENT_TARGET = 5.0;
				SDKROOT = iphoneos;
			};
			name = Debug;
		};
		6F25D2AD14221A6B00D938E9 /* Release */ = {
			isa = XCBuildConfiguration;
			buildSettings = {
				ALWAYS_SEARCH_USER_PATHS = NO;
				ARCHS = "$(ARCHS_STANDARD_32_BIT)";
				"CODE_SIGN_IDENTITY[sdk=iphoneos*]" = "iPhone Developer";
				COPY_PHASE_STRIP = YES;
				GCC_C_LANGUAGE_STANDARD = gnu99;
				GCC_VERSION = com.apple.compilers.llvm.clang.1_0;
				GCC_WARN_ABOUT_MISSING_PROTOTYPES = YES;
				GCC_WARN_ABOUT_RETURN_TYPE = YES;
				GCC_WARN_UNUSED_VARIABLE = YES;
				IPHONEOS_DEPLOYMENT_TARGET = 5.0;
				OTHER_CFLAGS = "-DNS_BLOCK_ASSERTIONS=1";
				SDKROOT = iphoneos;
				VALIDATE_PRODUCT = YES;
			};
			name = Release;
		};
		6F25D2AF14221A6B00D938E9 /* Debug */ = {
			isa = XCBuildConfiguration;
			buildSettings = {
				GCC_PRECOMPILE_PREFIX_HEADER = YES;
				GCC_PREFIX_HEADER = "XrayCalc/XrayCalc-Prefix.pch";
				GCC_WARN_UNUSED_VALUE = NO;
				GCC_WARN_UNUSED_VARIABLE = NO;
				INFOPLIST_FILE = "XrayCalc/XrayCalc-Info.plist";
				IPHONEOS_DEPLOYMENT_TARGET = 4.0;
				PRODUCT_NAME = "$(TARGET_NAME)";
				WRAPPER_EXTENSION = app;
			};
			name = Debug;
		};
		6F25D2B014221A6B00D938E9 /* Release */ = {
			isa = XCBuildConfiguration;
			buildSettings = {
				GCC_PRECOMPILE_PREFIX_HEADER = YES;
				GCC_PREFIX_HEADER = "XrayCalc/XrayCalc-Prefix.pch";
				GCC_WARN_UNUSED_VALUE = NO;
				GCC_WARN_UNUSED_VARIABLE = NO;
				INFOPLIST_FILE = "XrayCalc/XrayCalc-Info.plist";
				IPHONEOS_DEPLOYMENT_TARGET = 4.0;
				PRODUCT_NAME = "$(TARGET_NAME)";
				WRAPPER_EXTENSION = app;
			};
			name = Release;
		};
/* End XCBuildConfiguration section */

/* Begin XCConfigurationList section */
		6F25D28B14221A6A00D938E9 /* Build configuration list for PBXProject "XrayCalc" */ = {
			isa = XCConfigurationList;
			buildConfigurations = (
				6F25D2AC14221A6B00D938E9 /* Debug */,
				6F25D2AD14221A6B00D938E9 /* Release */,
			);
			defaultConfigurationIsVisible = 0;
			defaultConfigurationName = Release;
		};
		6F25D2AE14221A6B00D938E9 /* Build configuration list for PBXNativeTarget "XrayCalc" */ = {
			isa = XCConfigurationList;
			buildConfigurations = (
				6F25D2AF14221A6B00D938E9 /* Debug */,
				6F25D2B014221A6B00D938E9 /* Release */,
			);
			defaultConfigurationIsVisible = 0;
			defaultConfigurationName = Release;
		};
/* End XCConfigurationList section */

/* Begin XCVersionGroup section */
		6F25D2A914221A6B00D938E9 /* XrayCalc.xcdatamodeld */ = {
			isa = XCVersionGroup;
			children = (
				6F25D2AA14221A6B00D938E9 /* XrayCalc.xcdatamodel */,
			);
			currentVersion = 6F25D2AA14221A6B00D938E9 /* XrayCalc.xcdatamodel */;
			path = XrayCalc.xcdatamodeld;
			sourceTree = "<group>";
			versionGroupType = wrapper.xcdatamodel;
		};
/* End XCVersionGroup section */
	};
	rootObject = 6F25D28814221A6A00D938E9 /* Project object */;
}
